// !$*UTF8*$!
{
	archiveVersion = 1;
	classes = {
	};
	objectVersion = 46;
	objects = {

/* Begin PBXBuildFile section */
		7234A3991B1543C900328E8E /* Images.xcassets in Resources */ = {isa = PBXBuildFile; fileRef = 7234A2E91B1543C900328E8E /* Images.xcassets */; };
		7234A39A1B1543C900328E8E /* JWLAppDelegate.m in Sources */ = {isa = PBXBuildFile; fileRef = 7234A2EB1B1543C900328E8E /* JWLAppDelegate.m */; };
		7234A39C1B1543C900328E8E /* main.m in Sources */ = {isa = PBXBuildFile; fileRef = 7234A2EE1B1543C900328E8E /* main.m */; };
		7234A39D1B1543C900328E8E /* UIColor+TintColor.m in Sources */ = {isa = PBXBuildFile; fileRef = 7234A2F11B1543C900328E8E /* UIColor+TintColor.m */; };
		7234A39E1B1543C900328E8E /* JWLTetrisViewController.m in Sources */ = {isa = PBXBuildFile; fileRef = 7234A2F51B1543C900328E8E /* JWLTetrisViewController.m */; };
		7234A39F1B1543C900328E8E /* TetrisBlock.m in Sources */ = {isa = PBXBuildFile; fileRef = 7234A2F81B1543C900328E8E /* TetrisBlock.m */; };
		7234A3A01B1543C900328E8E /* TetrisGame.m in Sources */ = {isa = PBXBuildFile; fileRef = 7234A2FA1B1543C900328E8E /* TetrisGame.m */; };
		7234A3A11B1543C900328E8E /* TetrisGameField.m in Sources */ = {isa = PBXBuildFile; fileRef = 7234A2FC1B1543C900328E8E /* TetrisGameField.m */; };
		7234A3A21B1543C900328E8E /* TetrisGameManager.m in Sources */ = {isa = PBXBuildFile; fileRef = 7234A2FE1B1543C900328E8E /* TetrisGameManager.m */; };
		7234A3A31B1543C900328E8E /* TetrisUnit.m in Sources */ = {isa = PBXBuildFile; fileRef = 7234A3001B1543C900328E8E /* TetrisUnit.m */; };
		7234A3A41B1543C900328E8E /* TTPosition.m in Sources */ = {isa = PBXBuildFile; fileRef = 7234A3021B1543C900328E8E /* TTPosition.m */; };
		7234A3A51B1543C900328E8E /* JWLButtonWithTimer.m in Sources */ = {isa = PBXBuildFile; fileRef = 7234A3051B1543C900328E8E /* JWLButtonWithTimer.m */; };
		7234A3A61B1543C900328E8E /* JWLTetrisView.m in Sources */ = {isa = PBXBuildFile; fileRef = 7234A3071B1543C900328E8E /* JWLTetrisView.m */; };
		7234A3A71B1543C900328E8E /* JWLActivityIndicatorViewController.m in Sources */ = {isa = PBXBuildFile; fileRef = 7234A30B1B1543C900328E8E /* JWLActivityIndicatorViewController.m */; };
		7234A3A81B1543C900328E8E /* JWLAlertControllerViewController.m in Sources */ = {isa = PBXBuildFile; fileRef = 7234A30D1B1543C900328E8E /* JWLAlertControllerViewController.m */; };
		7234A3A91B1543C900328E8E /* JWLButtonViewController.m in Sources */ = {isa = PBXBuildFile; fileRef = 7234A30F1B1543C900328E8E /* JWLButtonViewController.m */; };
		7234A3AA1B1543C900328E8E /* JWLCustomSearchBarViewController.m in Sources */ = {isa = PBXBuildFile; fileRef = 7234A3111B1543C900328E8E /* JWLCustomSearchBarViewController.m */; };
		7234A3AB1B1543C900328E8E /* JWLCustomToolbarViewController.m in Sources */ = {isa = PBXBuildFile; fileRef = 7234A3131B1543C900328E8E /* JWLCustomToolbarViewController.m */; };
		7234A3AC1B1543C900328E8E /* JWLDatePickerController.m in Sources */ = {isa = PBXBuildFile; fileRef = 7234A3151B1543C900328E8E /* JWLDatePickerController.m */; };
		7234A3AD1B1543C900328E8E /* JWLDefaultSearchBarViewController.m in Sources */ = {isa = PBXBuildFile; fileRef = 7234A3171B1543C900328E8E /* JWLDefaultSearchBarViewController.m */; };
		7234A3AE1B1543C900328E8E /* JWLDefaultToolbarViewController.m in Sources */ = {isa = PBXBuildFile; fileRef = 7234A3191B1543C900328E8E /* JWLDefaultToolbarViewController.m */; };
		7234A3AF1B1543C900328E8E /* JWLImageViewController.m in Sources */ = {isa = PBXBuildFile; fileRef = 7234A31B1B1543C900328E8E /* JWLImageViewController.m */; };
		7234A3B01B1543C900328E8E /* JWLNavigationController.m in Sources */ = {isa = PBXBuildFile; fileRef = 7234A31D1B1543C900328E8E /* JWLNavigationController.m */; };
		7234A3B11B1543C900328E8E /* JWLPageControlViewController.m in Sources */ = {isa = PBXBuildFile; fileRef = 7234A31F1B1543C900328E8E /* JWLPageControlViewController.m */; };
		7234A3B21B1543C900328E8E /* JWLPickerViewController.m in Sources */ = {isa = PBXBuildFile; fileRef = 7234A3211B1543C900328E8E /* JWLPickerViewController.m */; };
		7234A3B31B1543C900328E8E /* JWLPickerViewInfoView.m in Sources */ = {isa = PBXBuildFile; fileRef = 7234A3221B1543C900328E8E /* JWLPickerViewInfoView.m */; };
		7234A3B41B1543C900328E8E /* JWLProgressViewController.m in Sources */ = {isa = PBXBuildFile; fileRef = 7234A3241B1543C900328E8E /* JWLProgressViewController.m */; };
		7234A3B51B1543C900328E8E /* JWLSearchBarEmbeddedInNavigationBarControllerTableViewController.m in Sources */ = {isa = PBXBuildFile; fileRef = 7234A3261B1543C900328E8E /* JWLSearchBarEmbeddedInNavigationBarControllerTableViewController.m */; };
		7234A3B61B1543C900328E8E /* JWLSearchListViewController.m in Sources */ = {isa = PBXBuildFile; fileRef = 7234A3281B1543C900328E8E /* JWLSearchListViewController.m */; };
		7234A3B71B1543C900328E8E /* JWLSearchPresentOverNavigationBarViewController.m in Sources */ = {isa = PBXBuildFile; fileRef = 7234A32A1B1543C900328E8E /* JWLSearchPresentOverNavigationBarViewController.m */; };
		7234A3B81B1543C900328E8E /* JWLSearchShowResultsInSourceViewController.m in Sources */ = {isa = PBXBuildFile; fileRef = 7234A32C1B1543C900328E8E /* JWLSearchShowResultsInSourceViewController.m */; };
		7234A3B91B1543C900328E8E /* JWLSegmentedControlViewController.m in Sources */ = {isa = PBXBuildFile; fileRef = 7234A32E1B1543C900328E8E /* JWLSegmentedControlViewController.m */; };
		7234A3BA1B1543C900328E8E /* JWLSliderViewController.m in Sources */ = {isa = PBXBuildFile; fileRef = 7234A3301B1543C900328E8E /* JWLSliderViewController.m */; };
		7234A3BB1B1543C900328E8E /* JWLStepperViewController.m in Sources */ = {isa = PBXBuildFile; fileRef = 7234A3321B1543C900328E8E /* JWLStepperViewController.m */; };
		7234A3BC1B1543C900328E8E /* JWLSwitchViewController.m in Sources */ = {isa = PBXBuildFile; fileRef = 7234A3341B1543C900328E8E /* JWLSwitchViewController.m */; };
		7234A3BD1B1543C900328E8E /* JWLTabBarController.m in Sources */ = {isa = PBXBuildFile; fileRef = 7234A3361B1543C900328E8E /* JWLTabBarController.m */; };
		7234A3BF1B1543C900328E8E /* JWLTextFieldViewController.m in Sources */ = {isa = PBXBuildFile; fileRef = 7234A33A1B1543C900328E8E /* JWLTextFieldViewController.m */; };
		7234A3C01B1543C900328E8E /* JWLTextViewController.m in Sources */ = {isa = PBXBuildFile; fileRef = 7234A33C1B1543C900328E8E /* JWLTextViewController.m */; };
		7234A3C11B1543C900328E8E /* JWLTintedToolbarViewController.m in Sources */ = {isa = PBXBuildFile; fileRef = 7234A33E1B1543C900328E8E /* JWLTintedToolbarViewController.m */; };
		7234A3C21B1543C900328E8E /* JWLToolbarListViewController.m in Sources */ = {isa = PBXBuildFile; fileRef = 7234A3401B1543C900328E8E /* JWLToolbarListViewController.m */; };
		7234A3C31B1543C900328E8E /* JWLUICatalogListViewController.m in Sources */ = {isa = PBXBuildFile; fileRef = 7234A3421B1543C900328E8E /* JWLUICatalogListViewController.m */; };
		7234A3C41B1543C900328E8E /* JWLWebViewController.m in Sources */ = {isa = PBXBuildFile; fileRef = 7234A3441B1543C900328E8E /* JWLWebViewController.m */; };
		7234A3C51B1543C900328E8E /* JWLWorldTimeViewController.m in Sources */ = {isa = PBXBuildFile; fileRef = 7234A3461B1543C900328E8E /* JWLWorldTimeViewController.m */; };
		7234A3C61B1543C900328E8E /* bookmark_icon_1x.png in Resources */ = {isa = PBXBuildFile; fileRef = 7234A3481B1543C900328E8E /* bookmark_icon_1x.png */; };
		7234A3C71B1543C900328E8E /* bookmark_icon_2x.png in Resources */ = {isa = PBXBuildFile; fileRef = 7234A3491B1543C900328E8E /* bookmark_icon_2x.png */; };
		7234A3C81B1543C900328E8E /* bookmark_icon_3x.png in Resources */ = {isa = PBXBuildFile; fileRef = 7234A34A1B1543C900328E8E /* bookmark_icon_3x.png */; };
		7234A3C91B1543C900328E8E /* bookmark_icon_highlighted_1x.png in Resources */ = {isa = PBXBuildFile; fileRef = 7234A34B1B1543C900328E8E /* bookmark_icon_highlighted_1x.png */; };
		7234A3CA1B1543C900328E8E /* bookmark_icon_highlighted_2x.png in Resources */ = {isa = PBXBuildFile; fileRef = 7234A34C1B1543C900328E8E /* bookmark_icon_highlighted_2x.png */; };
		7234A3CB1B1543C900328E8E /* bookmark_icon_highlighted_3x.png in Resources */ = {isa = PBXBuildFile; fileRef = 7234A34D1B1543C900328E8E /* bookmark_icon_highlighted_3x.png */; };
		7234A3CC1B1543C900328E8E /* checkmark_icon_1x.png in Resources */ = {isa = PBXBuildFile; fileRef = 7234A34E1B1543C900328E8E /* checkmark_icon_1x.png */; };
		7234A3CD1B1543C900328E8E /* checkmark_icon_2x.png in Resources */ = {isa = PBXBuildFile; fileRef = 7234A34F1B1543C900328E8E /* checkmark_icon_2x.png */; };
		7234A3CE1B1543C900328E8E /* checkmark_icon_3x.png in Resources */ = {isa = PBXBuildFile; fileRef = 7234A3501B1543C900328E8E /* checkmark_icon_3x.png */; };
		7234A3CF1B1543C900328E8E /* image_scenery1.jpg in Resources */ = {isa = PBXBuildFile; fileRef = 7234A3511B1543C900328E8E /* image_scenery1.jpg */; };
		7234A3D01B1543C900328E8E /* image_scenery2.jpg in Resources */ = {isa = PBXBuildFile; fileRef = 7234A3521B1543C900328E8E /* image_scenery2.jpg */; };
		7234A3D11B1543C900328E8E /* image_scenery3.jpg in Resources */ = {isa = PBXBuildFile; fileRef = 7234A3531B1543C900328E8E /* image_scenery3.jpg */; };
		7234A3D21B1543C900328E8E /* image_scenery4.jpg in Resources */ = {isa = PBXBuildFile; fileRef = 7234A3541B1543C900328E8E /* image_scenery4.jpg */; };
		7234A3D31B1543C900328E8E /* image_scenery5.jpg in Resources */ = {isa = PBXBuildFile; fileRef = 7234A3551B1543C900328E8E /* image_scenery5.jpg */; };
		7234A3D41B1543C900328E8E /* search_bar_background_3x.png in Resources */ = {isa = PBXBuildFile; fileRef = 7234A3561B1543C900328E8E /* search_bar_background_3x.png */; };
		7234A3D51B1543C900328E8E /* search_bar_bg_1x.png in Resources */ = {isa = PBXBuildFile; fileRef = 7234A3571B1543C900328E8E /* search_bar_bg_1x.png */; };
		7234A3D61B1543C900328E8E /* search_bar_bg_2x.png in Resources */ = {isa = PBXBuildFile; fileRef = 7234A3581B1543C900328E8E /* search_bar_bg_2x.png */; };
		7234A3D71B1543C900328E8E /* search_icon_1x.png in Resources */ = {isa = PBXBuildFile; fileRef = 7234A3591B1543C900328E8E /* search_icon_1x.png */; };
		7234A3D81B1543C900328E8E /* search_icon_2x.png in Resources */ = {isa = PBXBuildFile; fileRef = 7234A35A1B1543C900328E8E /* search_icon_2x.png */; };
		7234A3D91B1543C900328E8E /* search_icon_3x.png in Resources */ = {isa = PBXBuildFile; fileRef = 7234A35B1B1543C900328E8E /* search_icon_3x.png */; };
		7234A3DA1B1543C900328E8E /* slider_blue_track_1x.png in Resources */ = {isa = PBXBuildFile; fileRef = 7234A35C1B1543C900328E8E /* slider_blue_track_1x.png */; };
		7234A3DB1B1543C900328E8E /* slider_blue_track_2x.png in Resources */ = {isa = PBXBuildFile; fileRef = 7234A35D1B1543C900328E8E /* slider_blue_track_2x.png */; };
		7234A3DC1B1543C900328E8E /* slider_blue_track_3x.png in Resources */ = {isa = PBXBuildFile; fileRef = 7234A35E1B1543C900328E8E /* slider_blue_track_3x.png */; };
		7234A3DD1B1543C900328E8E /* slider_green_track_1x.png in Resources */ = {isa = PBXBuildFile; fileRef = 7234A35F1B1543C900328E8E /* slider_green_track_1x.png */; };
		7234A3DE1B1543C900328E8E /* slider_green_track_2x.png in Resources */ = {isa = PBXBuildFile; fileRef = 7234A3601B1543C900328E8E /* slider_green_track_2x.png */; };
		7234A3DF1B1543C900328E8E /* slider_green_track_3x.png in Resources */ = {isa = PBXBuildFile; fileRef = 7234A3611B1543C900328E8E /* slider_green_track_3x.png */; };
		7234A3E01B1543C900328E8E /* slider_thumb_1x.png in Resources */ = {isa = PBXBuildFile; fileRef = 7234A3621B1543C900328E8E /* slider_thumb_1x.png */; };
		7234A3E11B1543C900328E8E /* slider_thumb_2x.png in Resources */ = {isa = PBXBuildFile; fileRef = 7234A3631B1543C900328E8E /* slider_thumb_2x.png */; };
		7234A3E21B1543C900328E8E /* slider_thumb_3x.png in Resources */ = {isa = PBXBuildFile; fileRef = 7234A3641B1543C900328E8E /* slider_thumb_3x.png */; };
		7234A3E31B1543C900328E8E /* stepper_and_segment_background_1x.png in Resources */ = {isa = PBXBuildFile; fileRef = 7234A3651B1543C900328E8E /* stepper_and_segment_background_1x.png */; };
		7234A3E41B1543C900328E8E /* stepper_and_segment_background_2x.png in Resources */ = {isa = PBXBuildFile; fileRef = 7234A3661B1543C900328E8E /* stepper_and_segment_background_2x.png */; };
		7234A3E51B1543C900328E8E /* stepper_and_segment_background_3x.png in Resources */ = {isa = PBXBuildFile; fileRef = 7234A3671B1543C900328E8E /* stepper_and_segment_background_3x.png */; };
		7234A3E61B1543C900328E8E /* stepper_and_segment_background_disabled_1x.png in Resources */ = {isa = PBXBuildFile; fileRef = 7234A3681B1543C900328E8E /* stepper_and_segment_background_disabled_1x.png */; };
		7234A3E71B1543C900328E8E /* stepper_and_segment_background_disabled_2x.png in Resources */ = {isa = PBXBuildFile; fileRef = 7234A3691B1543C900328E8E /* stepper_and_segment_background_disabled_2x.png */; };
		7234A3E81B1543C900328E8E /* stepper_and_segment_background_disabled_3x.png in Resources */ = {isa = PBXBuildFile; fileRef = 7234A36A1B1543C900328E8E /* stepper_and_segment_background_disabled_3x.png */; };
		7234A3E91B1543C900328E8E /* stepper_and_segment_background_highlighted_1x.png in Resources */ = {isa = PBXBuildFile; fileRef = 7234A36B1B1543C900328E8E /* stepper_and_segment_background_highlighted_1x.png */; };
		7234A3EA1B1543C900328E8E /* stepper_and_segment_background_highlighted_2x.png in Resources */ = {isa = PBXBuildFile; fileRef = 7234A36C1B1543C900328E8E /* stepper_and_segment_background_highlighted_2x.png */; };
		7234A3EB1B1543C900328E8E /* stepper_and_segment_background_highlighted_3x.png in Resources */ = {isa = PBXBuildFile; fileRef = 7234A36D1B1543C900328E8E /* stepper_and_segment_background_highlighted_3x.png */; };
		7234A3EC1B1543C900328E8E /* stepper_and_segment_divider_3x.png in Resources */ = {isa = PBXBuildFile; fileRef = 7234A36E1B1543C900328E8E /* stepper_and_segment_divider_3x.png */; };
		7234A3ED1B1543C900328E8E /* stepper_and_segment_segment_divider_1x.png in Resources */ = {isa = PBXBuildFile; fileRef = 7234A36F1B1543C900328E8E /* stepper_and_segment_segment_divider_1x.png */; };
		7234A3EE1B1543C900328E8E /* stepper_and_segment_segment_divider_2x.png in Resources */ = {isa = PBXBuildFile; fileRef = 7234A3701B1543C900328E8E /* stepper_and_segment_segment_divider_2x.png */; };
		7234A3EF1B1543C900328E8E /* text_field_background_1x.png in Resources */ = {isa = PBXBuildFile; fileRef = 7234A3711B1543C900328E8E /* text_field_background_1x.png */; };
		7234A3F01B1543C900328E8E /* text_field_background_2x.png in Resources */ = {isa = PBXBuildFile; fileRef = 7234A3721B1543C900328E8E /* text_field_background_2x.png */; };
		7234A3F11B1543C900328E8E /* text_field_background_3x.png in Resources */ = {isa = PBXBuildFile; fileRef = 7234A3731B1543C900328E8E /* text_field_background_3x.png */; };
		7234A3F21B1543C900328E8E /* text_field_purple_right_view_1x.png in Resources */ = {isa = PBXBuildFile; fileRef = 7234A3741B1543C900328E8E /* text_field_purple_right_view_1x.png */; };
		7234A3F31B1543C900328E8E /* text_field_purple_right_view_2x.png in Resources */ = {isa = PBXBuildFile; fileRef = 7234A3751B1543C900328E8E /* text_field_purple_right_view_2x.png */; };
		7234A3F41B1543C900328E8E /* text_field_purple_right_view_3x.png in Resources */ = {isa = PBXBuildFile; fileRef = 7234A3761B1543C900328E8E /* text_field_purple_right_view_3x.png */; };
		7234A3F51B1543C900328E8E /* text_view_attachment_1x.png in Resources */ = {isa = PBXBuildFile; fileRef = 7234A3771B1543C900328E8E /* text_view_attachment_1x.png */; };
		7234A3F61B1543C900328E8E /* text_view_attachment_2x.png in Resources */ = {isa = PBXBuildFile; fileRef = 7234A3781B1543C900328E8E /* text_view_attachment_2x.png */; };
		7234A3F71B1543C900328E8E /* text_view_attachment_3x.png in Resources */ = {isa = PBXBuildFile; fileRef = 7234A3791B1543C900328E8E /* text_view_attachment_3x.png */; };
		7234A3F81B1543C900328E8E /* toolbar_background_1x.png in Resources */ = {isa = PBXBuildFile; fileRef = 7234A37A1B1543C900328E8E /* toolbar_background_1x.png */; };
		7234A3F91B1543C900328E8E /* toolbar_background_2x.png in Resources */ = {isa = PBXBuildFile; fileRef = 7234A37B1B1543C900328E8E /* toolbar_background_2x.png */; };
		7234A3FA1B1543C900328E8E /* toolbar_background_3x.png in Resources */ = {isa = PBXBuildFile; fileRef = 7234A37C1B1543C900328E8E /* toolbar_background_3x.png */; };
		7234A3FB1B1543C900328E8E /* tools_icon_1x.png in Resources */ = {isa = PBXBuildFile; fileRef = 7234A37D1B1543C900328E8E /* tools_icon_1x.png */; };
		7234A3FC1B1543C900328E8E /* tools_icon_2x.png in Resources */ = {isa = PBXBuildFile; fileRef = 7234A37E1B1543C900328E8E /* tools_icon_2x.png */; };
		7234A3FD1B1543C900328E8E /* tools_icon_3x.png in Resources */ = {isa = PBXBuildFile; fileRef = 7234A37F1B1543C900328E8E /* tools_icon_3x.png */; };
		7234A3FE1B1543C900328E8E /* x_icon_1x.png in Resources */ = {isa = PBXBuildFile; fileRef = 7234A3801B1543C900328E8E /* x_icon_1x.png */; };
		7234A3FF1B1543C900328E8E /* x_icon_2x.png in Resources */ = {isa = PBXBuildFile; fileRef = 7234A3811B1543C900328E8E /* x_icon_2x.png */; };
		7234A4001B1543C900328E8E /* x_icon_3x.png in Resources */ = {isa = PBXBuildFile; fileRef = 7234A3821B1543C900328E8E /* x_icon_3x.png */; };
		7234A4011B1543C900328E8E /* ximage.png in Resources */ = {isa = PBXBuildFile; fileRef = 7234A3831B1543C900328E8E /* ximage.png */; };
		7234A4021B1543C900328E8E /* JWLActivityIndicatorTableViewCell.m in Sources */ = {isa = PBXBuildFile; fileRef = 7234A3861B1543C900328E8E /* JWLActivityIndicatorTableViewCell.m */; };
		7234A4031B1543C900328E8E /* JWLActivityIndicatorView.m in Sources */ = {isa = PBXBuildFile; fileRef = 7234A3881B1543C900328E8E /* JWLActivityIndicatorView.m */; };
		7234A4041B1543C900328E8E /* JWLButtonTableViewCell.m in Sources */ = {isa = PBXBuildFile; fileRef = 7234A38A1B1543C900328E8E /* JWLButtonTableViewCell.m */; };
		7234A4051B1543C900328E8E /* JWLCustomTextField.m in Sources */ = {isa = PBXBuildFile; fileRef = 7234A38C1B1543C900328E8E /* JWLCustomTextField.m */; };
		7234A4061B1543C900328E8E /* JWLDatePickerInfoView.m in Sources */ = {isa = PBXBuildFile; fileRef = 7234A38E1B1543C900328E8E /* JWLDatePickerInfoView.m */; };
		7234A4071B1543C900328E8E /* JWLImageViewInfoView.m in Sources */ = {isa = PBXBuildFile; fileRef = 7234A3901B1543C900328E8E /* JWLImageViewInfoView.m */; };
		7234A4081B1543C900328E8E /* JWLPageControlInfoView.m in Sources */ = {isa = PBXBuildFile; fileRef = 7234A3921B1543C900328E8E /* JWLPageControlInfoView.m */; };
		7234A4091B1543C900328E8E /* JWLProgressViewTableViewCell.m in Sources */ = {isa = PBXBuildFile; fileRef = 7234A3951B1543C900328E8E /* JWLProgressViewTableViewCell.m */; };
		7234A40A1B1543C900328E8E /* JWLStepperTableViewCell.m in Sources */ = {isa = PBXBuildFile; fileRef = 7234A3971B1543C900328E8E /* JWLStepperTableViewCell.m */; };
		7234A40B1B1543C900328E8E /* Test.xib in Resources */ = {isa = PBXBuildFile; fileRef = 7234A3981B1543C900328E8E /* Test.xib */; };
		72DF027A1AFB415000BBE4A5 /* exerciseUICatalogTests.m in Sources */ = {isa = PBXBuildFile; fileRef = 72DF02791AFB415000BBE4A5 /* exerciseUICatalogTests.m */; };
/* End PBXBuildFile section */

/* Begin PBXContainerItemProxy section */
		72DF02741AFB415000BBE4A5 /* PBXContainerItemProxy */ = {
			isa = PBXContainerItemProxy;
			containerPortal = 72DF02521AFB415000BBE4A5 /* Project object */;
			proxyType = 1;
			remoteGlobalIDString = 72DF02591AFB415000BBE4A5;
			remoteInfo = exerciseUICatalog;
		};
/* End PBXContainerItemProxy section */

/* Begin PBXFileReference section */
		7234A2E91B1543C900328E8E /* Images.xcassets */ = {isa = PBXFileReference; lastKnownFileType = folder.assetcatalog; path = Images.xcassets; sourceTree = "<group>"; };
		7234A2EA1B1543C900328E8E /* JWLAppDelegate.h */ = {isa = PBXFileReference; fileEncoding = 4; lastKnownFileType = sourcecode.c.h; path = JWLAppDelegate.h; sourceTree = "<group>"; };
		7234A2EB1B1543C900328E8E /* JWLAppDelegate.m */ = {isa = PBXFileReference; fileEncoding = 4; lastKnownFileType = sourcecode.c.objc; path = JWLAppDelegate.m; sourceTree = "<group>"; };
		7234A2ED1B1543C900328E8E /* Info.plist */ = {isa = PBXFileReference; fileEncoding = 4; lastKnownFileType = text.plist.xml; path = Info.plist; sourceTree = "<group>"; };
		7234A2EE1B1543C900328E8E /* main.m */ = {isa = PBXFileReference; fileEncoding = 4; lastKnownFileType = sourcecode.c.objc; path = main.m; sourceTree = "<group>"; };
		7234A2EF1B1543C900328E8E /* Tetris.h */ = {isa = PBXFileReference; fileEncoding = 4; lastKnownFileType = sourcecode.c.h; path = Tetris.h; sourceTree = "<group>"; };
		7234A2F01B1543C900328E8E /* UIColor+TintColor.h */ = {isa = PBXFileReference; fileEncoding = 4; lastKnownFileType = sourcecode.c.h; path = "UIColor+TintColor.h"; sourceTree = "<group>"; };
		7234A2F11B1543C900328E8E /* UIColor+TintColor.m */ = {isa = PBXFileReference; fileEncoding = 4; lastKnownFileType = sourcecode.c.objc; path = "UIColor+TintColor.m"; sourceTree = "<group>"; };
		7234A2F41B1543C900328E8E /* JWLTetrisViewController.h */ = {isa = PBXFileReference; fileEncoding = 4; lastKnownFileType = sourcecode.c.h; path = JWLTetrisViewController.h; sourceTree = "<group>"; };
		7234A2F51B1543C900328E8E /* JWLTetrisViewController.m */ = {isa = PBXFileReference; fileEncoding = 4; lastKnownFileType = sourcecode.c.objc; path = JWLTetrisViewController.m; sourceTree = "<group>"; };
		7234A2F71B1543C900328E8E /* TetrisBlock.h */ = {isa = PBXFileReference; fileEncoding = 4; lastKnownFileType = sourcecode.c.h; path = TetrisBlock.h; sourceTree = "<group>"; };
		7234A2F81B1543C900328E8E /* TetrisBlock.m */ = {isa = PBXFileReference; fileEncoding = 4; lastKnownFileType = sourcecode.c.objc; path = TetrisBlock.m; sourceTree = "<group>"; };
		7234A2F91B1543C900328E8E /* TetrisGame.h */ = {isa = PBXFileReference; fileEncoding = 4; lastKnownFileType = sourcecode.c.h; path = TetrisGame.h; sourceTree = "<group>"; };
		7234A2FA1B1543C900328E8E /* TetrisGame.m */ = {isa = PBXFileReference; fileEncoding = 4; lastKnownFileType = sourcecode.c.objc; path = TetrisGame.m; sourceTree = "<group>"; };
		7234A2FB1B1543C900328E8E /* TetrisGameField.h */ = {isa = PBXFileReference; fileEncoding = 4; lastKnownFileType = sourcecode.c.h; path = TetrisGameField.h; sourceTree = "<group>"; };
		7234A2FC1B1543C900328E8E /* TetrisGameField.m */ = {isa = PBXFileReference; fileEncoding = 4; lastKnownFileType = sourcecode.c.objc; path = TetrisGameField.m; sourceTree = "<group>"; };
		7234A2FD1B1543C900328E8E /* TetrisGameManager.h */ = {isa = PBXFileReference; fileEncoding = 4; lastKnownFileType = sourcecode.c.h; path = TetrisGameManager.h; sourceTree = "<group>"; };
		7234A2FE1B1543C900328E8E /* TetrisGameManager.m */ = {isa = PBXFileReference; fileEncoding = 4; lastKnownFileType = sourcecode.c.objc; path = TetrisGameManager.m; sourceTree = "<group>"; };
		7234A2FF1B1543C900328E8E /* TetrisUnit.h */ = {isa = PBXFileReference; fileEncoding = 4; lastKnownFileType = sourcecode.c.h; path = TetrisUnit.h; sourceTree = "<group>"; };
		7234A3001B1543C900328E8E /* TetrisUnit.m */ = {isa = PBXFileReference; fileEncoding = 4; lastKnownFileType = sourcecode.c.objc; path = TetrisUnit.m; sourceTree = "<group>"; };
		7234A3011B1543C900328E8E /* TTPosition.h */ = {isa = PBXFileReference; fileEncoding = 4; lastKnownFileType = sourcecode.c.h; path = TTPosition.h; sourceTree = "<group>"; };
		7234A3021B1543C900328E8E /* TTPosition.m */ = {isa = PBXFileReference; fileEncoding = 4; lastKnownFileType = sourcecode.c.objc; path = TTPosition.m; sourceTree = "<group>"; };
		7234A3041B1543C900328E8E /* JWLButtonWithTimer.h */ = {isa = PBXFileReference; fileEncoding = 4; lastKnownFileType = sourcecode.c.h; path = JWLButtonWithTimer.h; sourceTree = "<group>"; };
		7234A3051B1543C900328E8E /* JWLButtonWithTimer.m */ = {isa = PBXFileReference; fileEncoding = 4; lastKnownFileType = sourcecode.c.objc; path = JWLButtonWithTimer.m; sourceTree = "<group>"; };
		7234A3061B1543C900328E8E /* JWLTetrisView.h */ = {isa = PBXFileReference; fileEncoding = 4; lastKnownFileType = sourcecode.c.h; path = JWLTetrisView.h; sourceTree = "<group>"; };
		7234A3071B1543C900328E8E /* JWLTetrisView.m */ = {isa = PBXFileReference; fileEncoding = 4; lastKnownFileType = sourcecode.c.objc; path = JWLTetrisView.m; sourceTree = "<group>"; };
		7234A30A1B1543C900328E8E /* JWLActivityIndicatorViewController.h */ = {isa = PBXFileReference; fileEncoding = 4; lastKnownFileType = sourcecode.c.h; path = JWLActivityIndicatorViewController.h; sourceTree = "<group>"; };
		7234A30B1B1543C900328E8E /* JWLActivityIndicatorViewController.m */ = {isa = PBXFileReference; fileEncoding = 4; lastKnownFileType = sourcecode.c.objc; path = JWLActivityIndicatorViewController.m; sourceTree = "<group>"; };
		7234A30C1B1543C900328E8E /* JWLAlertControllerViewController.h */ = {isa = PBXFileReference; fileEncoding = 4; lastKnownFileType = sourcecode.c.h; path = JWLAlertControllerViewController.h; sourceTree = "<group>"; };
		7234A30D1B1543C900328E8E /* JWLAlertControllerViewController.m */ = {isa = PBXFileReference; fileEncoding = 4; lastKnownFileType = sourcecode.c.objc; path = JWLAlertControllerViewController.m; sourceTree = "<group>"; };
		7234A30E1B1543C900328E8E /* JWLButtonViewController.h */ = {isa = PBXFileReference; fileEncoding = 4; lastKnownFileType = sourcecode.c.h; path = JWLButtonViewController.h; sourceTree = "<group>"; };
		7234A30F1B1543C900328E8E /* JWLButtonViewController.m */ = {isa = PBXFileReference; fileEncoding = 4; lastKnownFileType = sourcecode.c.objc; path = JWLButtonViewController.m; sourceTree = "<group>"; };
		7234A3101B1543C900328E8E /* JWLCustomSearchBarViewController.h */ = {isa = PBXFileReference; fileEncoding = 4; lastKnownFileType = sourcecode.c.h; path = JWLCustomSearchBarViewController.h; sourceTree = "<group>"; };
		7234A3111B1543C900328E8E /* JWLCustomSearchBarViewController.m */ = {isa = PBXFileReference; fileEncoding = 4; lastKnownFileType = sourcecode.c.objc; path = JWLCustomSearchBarViewController.m; sourceTree = "<group>"; };
		7234A3121B1543C900328E8E /* JWLCustomToolbarViewController.h */ = {isa = PBXFileReference; fileEncoding = 4; lastKnownFileType = sourcecode.c.h; path = JWLCustomToolbarViewController.h; sourceTree = "<group>"; };
		7234A3131B1543C900328E8E /* JWLCustomToolbarViewController.m */ = {isa = PBXFileReference; fileEncoding = 4; lastKnownFileType = sourcecode.c.objc; path = JWLCustomToolbarViewController.m; sourceTree = "<group>"; };
		7234A3141B1543C900328E8E /* JWLDatePickerController.h */ = {isa = PBXFileReference; fileEncoding = 4; lastKnownFileType = sourcecode.c.h; path = JWLDatePickerController.h; sourceTree = "<group>"; };
		7234A3151B1543C900328E8E /* JWLDatePickerController.m */ = {isa = PBXFileReference; fileEncoding = 4; lastKnownFileType = sourcecode.c.objc; path = JWLDatePickerController.m; sourceTree = "<group>"; };
		7234A3161B1543C900328E8E /* JWLDefaultSearchBarViewController.h */ = {isa = PBXFileReference; fileEncoding = 4; lastKnownFileType = sourcecode.c.h; path = JWLDefaultSearchBarViewController.h; sourceTree = "<group>"; };
		7234A3171B1543C900328E8E /* JWLDefaultSearchBarViewController.m */ = {isa = PBXFileReference; fileEncoding = 4; lastKnownFileType = sourcecode.c.objc; path = JWLDefaultSearchBarViewController.m; sourceTree = "<group>"; };
		7234A3181B1543C900328E8E /* JWLDefaultToolbarViewController.h */ = {isa = PBXFileReference; fileEncoding = 4; lastKnownFileType = sourcecode.c.h; path = JWLDefaultToolbarViewController.h; sourceTree = "<group>"; };
		7234A3191B1543C900328E8E /* JWLDefaultToolbarViewController.m */ = {isa = PBXFileReference; fileEncoding = 4; lastKnownFileType = sourcecode.c.objc; path = JWLDefaultToolbarViewController.m; sourceTree = "<group>"; };
		7234A31A1B1543C900328E8E /* JWLImageViewController.h */ = {isa = PBXFileReference; fileEncoding = 4; lastKnownFileType = sourcecode.c.h; path = JWLImageViewController.h; sourceTree = "<group>"; };
		7234A31B1B1543C900328E8E /* JWLImageViewController.m */ = {isa = PBXFileReference; fileEncoding = 4; lastKnownFileType = sourcecode.c.objc; path = JWLImageViewController.m; sourceTree = "<group>"; };
		7234A31C1B1543C900328E8E /* JWLNavigationController.h */ = {isa = PBXFileReference; fileEncoding = 4; lastKnownFileType = sourcecode.c.h; path = JWLNavigationController.h; sourceTree = "<group>"; };
		7234A31D1B1543C900328E8E /* JWLNavigationController.m */ = {isa = PBXFileReference; fileEncoding = 4; lastKnownFileType = sourcecode.c.objc; path = JWLNavigationController.m; sourceTree = "<group>"; };
		7234A31E1B1543C900328E8E /* JWLPageControlViewController.h */ = {isa = PBXFileReference; fileEncoding = 4; lastKnownFileType = sourcecode.c.h; path = JWLPageControlViewController.h; sourceTree = "<group>"; };
		7234A31F1B1543C900328E8E /* JWLPageControlViewController.m */ = {isa = PBXFileReference; fileEncoding = 4; lastKnownFileType = sourcecode.c.objc; path = JWLPageControlViewController.m; sourceTree = "<group>"; };
		7234A3201B1543C900328E8E /* JWLPickerViewController.h */ = {isa = PBXFileReference; fileEncoding = 4; lastKnownFileType = sourcecode.c.h; path = JWLPickerViewController.h; sourceTree = "<group>"; };
		7234A3211B1543C900328E8E /* JWLPickerViewController.m */ = {isa = PBXFileReference; fileEncoding = 4; lastKnownFileType = sourcecode.c.objc; path = JWLPickerViewController.m; sourceTree = "<group>"; };
		7234A3221B1543C900328E8E /* JWLPickerViewInfoView.m */ = {isa = PBXFileReference; fileEncoding = 4; lastKnownFileType = sourcecode.c.objc; path = JWLPickerViewInfoView.m; sourceTree = "<group>"; };
		7234A3231B1543C900328E8E /* JWLProgressViewController.h */ = {isa = PBXFileReference; fileEncoding = 4; lastKnownFileType = sourcecode.c.h; path = JWLProgressViewController.h; sourceTree = "<group>"; };
		7234A3241B1543C900328E8E /* JWLProgressViewController.m */ = {isa = PBXFileReference; fileEncoding = 4; lastKnownFileType = sourcecode.c.objc; path = JWLProgressViewController.m; sourceTree = "<group>"; };
		7234A3251B1543C900328E8E /* JWLSearchBarEmbeddedInNavigationBarControllerTableViewController.h */ = {isa = PBXFileReference; fileEncoding = 4; lastKnownFileType = sourcecode.c.h; path = JWLSearchBarEmbeddedInNavigationBarControllerTableViewController.h; sourceTree = "<group>"; };
		7234A3261B1543C900328E8E /* JWLSearchBarEmbeddedInNavigationBarControllerTableViewController.m */ = {isa = PBXFileReference; fileEncoding = 4; lastKnownFileType = sourcecode.c.objc; path = JWLSearchBarEmbeddedInNavigationBarControllerTableViewController.m; sourceTree = "<group>"; };
		7234A3271B1543C900328E8E /* JWLSearchListViewController.h */ = {isa = PBXFileReference; fileEncoding = 4; lastKnownFileType = sourcecode.c.h; path = JWLSearchListViewController.h; sourceTree = "<group>"; };
		7234A3281B1543C900328E8E /* JWLSearchListViewController.m */ = {isa = PBXFileReference; fileEncoding = 4; lastKnownFileType = sourcecode.c.objc; path = JWLSearchListViewController.m; sourceTree = "<group>"; };
		7234A3291B1543C900328E8E /* JWLSearchPresentOverNavigationBarViewController.h */ = {isa = PBXFileReference; fileEncoding = 4; lastKnownFileType = sourcecode.c.h; path = JWLSearchPresentOverNavigationBarViewController.h; sourceTree = "<group>"; };
		7234A32A1B1543C900328E8E /* JWLSearchPresentOverNavigationBarViewController.m */ = {isa = PBXFileReference; fileEncoding = 4; lastKnownFileType = sourcecode.c.objc; path = JWLSearchPresentOverNavigationBarViewController.m; sourceTree = "<group>"; };
		7234A32B1B1543C900328E8E /* JWLSearchShowResultsInSourceViewController.h */ = {isa = PBXFileReference; fileEncoding = 4; lastKnownFileType = sourcecode.c.h; path = JWLSearchShowResultsInSourceViewController.h; sourceTree = "<group>"; };
		7234A32C1B1543C900328E8E /* JWLSearchShowResultsInSourceViewController.m */ = {isa = PBXFileReference; fileEncoding = 4; lastKnownFileType = sourcecode.c.objc; path = JWLSearchShowResultsInSourceViewController.m; sourceTree = "<group>"; };
		7234A32D1B1543C900328E8E /* JWLSegmentedControlViewController.h */ = {isa = PBXFileReference; fileEncoding = 4; lastKnownFileType = sourcecode.c.h; path = JWLSegmentedControlViewController.h; sourceTree = "<group>"; };
		7234A32E1B1543C900328E8E /* JWLSegmentedControlViewController.m */ = {isa = PBXFileReference; fileEncoding = 4; lastKnownFileType = sourcecode.c.objc; path = JWLSegmentedControlViewController.m; sourceTree = "<group>"; };
		7234A32F1B1543C900328E8E /* JWLSliderViewController.h */ = {isa = PBXFileReference; fileEncoding = 4; lastKnownFileType = sourcecode.c.h; path = JWLSliderViewController.h; sourceTree = "<group>"; };
		7234A3301B1543C900328E8E /* JWLSliderViewController.m */ = {isa = PBXFileReference; fileEncoding = 4; lastKnownFileType = sourcecode.c.objc; path = JWLSliderViewController.m; sourceTree = "<group>"; };
		7234A3311B1543C900328E8E /* JWLStepperViewController.h */ = {isa = PBXFileReference; fileEncoding = 4; lastKnownFileType = sourcecode.c.h; path = JWLStepperViewController.h; sourceTree = "<group>"; };
		7234A3321B1543C900328E8E /* JWLStepperViewController.m */ = {isa = PBXFileReference; fileEncoding = 4; lastKnownFileType = sourcecode.c.objc; path = JWLStepperViewController.m; sourceTree = "<group>"; };
		7234A3331B1543C900328E8E /* JWLSwitchViewController.h */ = {isa = PBXFileReference; fileEncoding = 4; lastKnownFileType = sourcecode.c.h; path = JWLSwitchViewController.h; sourceTree = "<group>"; };
		7234A3341B1543C900328E8E /* JWLSwitchViewController.m */ = {isa = PBXFileReference; fileEncoding = 4; lastKnownFileType = sourcecode.c.objc; path = JWLSwitchViewController.m; sourceTree = "<group>"; };
		7234A3351B1543C900328E8E /* JWLTabBarController.h */ = {isa = PBXFileReference; fileEncoding = 4; lastKnownFileType = sourcecode.c.h; path = JWLTabBarController.h; sourceTree = "<group>"; };
		7234A3361B1543C900328E8E /* JWLTabBarController.m */ = {isa = PBXFileReference; fileEncoding = 4; lastKnownFileType = sourcecode.c.objc; path = JWLTabBarController.m; sourceTree = "<group>"; };
		7234A3391B1543C900328E8E /* JWLTextFieldViewController.h */ = {isa = PBXFileReference; fileEncoding = 4; lastKnownFileType = sourcecode.c.h; path = JWLTextFieldViewController.h; sourceTree = "<group>"; };
		7234A33A1B1543C900328E8E /* JWLTextFieldViewController.m */ = {isa = PBXFileReference; fileEncoding = 4; lastKnownFileType = sourcecode.c.objc; path = JWLTextFieldViewController.m; sourceTree = "<group>"; };
		7234A33B1B1543C900328E8E /* JWLTextViewController.h */ = {isa = PBXFileReference; fileEncoding = 4; lastKnownFileType = sourcecode.c.h; path = JWLTextViewController.h; sourceTree = "<group>"; };
		7234A33C1B1543C900328E8E /* JWLTextViewController.m */ = {isa = PBXFileReference; fileEncoding = 4; lastKnownFileType = sourcecode.c.objc; path = JWLTextViewController.m; sourceTree = "<group>"; };
		7234A33D1B1543C900328E8E /* JWLTintedToolbarViewController.h */ = {isa = PBXFileReference; fileEncoding = 4; lastKnownFileType = sourcecode.c.h; path = JWLTintedToolbarViewController.h; sourceTree = "<group>"; };
		7234A33E1B1543C900328E8E /* JWLTintedToolbarViewController.m */ = {isa = PBXFileReference; fileEncoding = 4; lastKnownFileType = sourcecode.c.objc; path = JWLTintedToolbarViewController.m; sourceTree = "<group>"; };
		7234A33F1B1543C900328E8E /* JWLToolbarListViewController.h */ = {isa = PBXFileReference; fileEncoding = 4; lastKnownFileType = sourcecode.c.h; path = JWLToolbarListViewController.h; sourceTree = "<group>"; };
		7234A3401B1543C900328E8E /* JWLToolbarListViewController.m */ = {isa = PBXFileReference; fileEncoding = 4; lastKnownFileType = sourcecode.c.objc; path = JWLToolbarListViewController.m; sourceTree = "<group>"; };
		7234A3411B1543C900328E8E /* JWLUICatalogListViewController.h */ = {isa = PBXFileReference; fileEncoding = 4; lastKnownFileType = sourcecode.c.h; path = JWLUICatalogListViewController.h; sourceTree = "<group>"; };
		7234A3421B1543C900328E8E /* JWLUICatalogListViewController.m */ = {isa = PBXFileReference; fileEncoding = 4; lastKnownFileType = sourcecode.c.objc; path = JWLUICatalogListViewController.m; sourceTree = "<group>"; };
		7234A3431B1543C900328E8E /* JWLWebViewController.h */ = {isa = PBXFileReference; fileEncoding = 4; lastKnownFileType = sourcecode.c.h; path = JWLWebViewController.h; sourceTree = "<group>"; };
		7234A3441B1543C900328E8E /* JWLWebViewController.m */ = {isa = PBXFileReference; fileEncoding = 4; lastKnownFileType = sourcecode.c.objc; path = JWLWebViewController.m; sourceTree = "<group>"; };
		7234A3451B1543C900328E8E /* JWLWorldTimeViewController.h */ = {isa = PBXFileReference; fileEncoding = 4; lastKnownFileType = sourcecode.c.h; path = JWLWorldTimeViewController.h; sourceTree = "<group>"; };
		7234A3461B1543C900328E8E /* JWLWorldTimeViewController.m */ = {isa = PBXFileReference; fileEncoding = 4; lastKnownFileType = sourcecode.c.objc; path = JWLWorldTimeViewController.m; sourceTree = "<group>"; };
		7234A3481B1543C900328E8E /* bookmark_icon_1x.png */ = {isa = PBXFileReference; lastKnownFileType = image.png; path = bookmark_icon_1x.png; sourceTree = "<group>"; };
		7234A3491B1543C900328E8E /* bookmark_icon_2x.png */ = {isa = PBXFileReference; lastKnownFileType = image.png; path = bookmark_icon_2x.png; sourceTree = "<group>"; };
		7234A34A1B1543C900328E8E /* bookmark_icon_3x.png */ = {isa = PBXFileReference; lastKnownFileType = image.png; path = bookmark_icon_3x.png; sourceTree = "<group>"; };
		7234A34B1B1543C900328E8E /* bookmark_icon_highlighted_1x.png */ = {isa = PBXFileReference; lastKnownFileType = image.png; path = bookmark_icon_highlighted_1x.png; sourceTree = "<group>"; };
		7234A34C1B1543C900328E8E /* bookmark_icon_highlighted_2x.png */ = {isa = PBXFileReference; lastKnownFileType = image.png; path = bookmark_icon_highlighted_2x.png; sourceTree = "<group>"; };
		7234A34D1B1543C900328E8E /* bookmark_icon_highlighted_3x.png */ = {isa = PBXFileReference; lastKnownFileType = image.png; path = bookmark_icon_highlighted_3x.png; sourceTree = "<group>"; };
		7234A34E1B1543C900328E8E /* checkmark_icon_1x.png */ = {isa = PBXFileReference; lastKnownFileType = image.png; path = checkmark_icon_1x.png; sourceTree = "<group>"; };
		7234A34F1B1543C900328E8E /* checkmark_icon_2x.png */ = {isa = PBXFileReference; lastKnownFileType = image.png; path = checkmark_icon_2x.png; sourceTree = "<group>"; };
		7234A3501B1543C900328E8E /* checkmark_icon_3x.png */ = {isa = PBXFileReference; lastKnownFileType = image.png; path = checkmark_icon_3x.png; sourceTree = "<group>"; };
		7234A3511B1543C900328E8E /* image_scenery1.jpg */ = {isa = PBXFileReference; lastKnownFileType = image.jpeg; path = image_scenery1.jpg; sourceTree = "<group>"; };
		7234A3521B1543C900328E8E /* image_scenery2.jpg */ = {isa = PBXFileReference; lastKnownFileType = image.jpeg; path = image_scenery2.jpg; sourceTree = "<group>"; };
		7234A3531B1543C900328E8E /* image_scenery3.jpg */ = {isa = PBXFileReference; lastKnownFileType = image.jpeg; path = image_scenery3.jpg; sourceTree = "<group>"; };
		7234A3541B1543C900328E8E /* image_scenery4.jpg */ = {isa = PBXFileReference; lastKnownFileType = image.jpeg; path = image_scenery4.jpg; sourceTree = "<group>"; };
		7234A3551B1543C900328E8E /* image_scenery5.jpg */ = {isa = PBXFileReference; lastKnownFileType = image.jpeg; path = image_scenery5.jpg; sourceTree = "<group>"; };
		7234A3561B1543C900328E8E /* search_bar_background_3x.png */ = {isa = PBXFileReference; lastKnownFileType = image.png; path = search_bar_background_3x.png; sourceTree = "<group>"; };
		7234A3571B1543C900328E8E /* search_bar_bg_1x.png */ = {isa = PBXFileReference; lastKnownFileType = image.png; path = search_bar_bg_1x.png; sourceTree = "<group>"; };
		7234A3581B1543C900328E8E /* search_bar_bg_2x.png */ = {isa = PBXFileReference; lastKnownFileType = image.png; path = search_bar_bg_2x.png; sourceTree = "<group>"; };
		7234A3591B1543C900328E8E /* search_icon_1x.png */ = {isa = PBXFileReference; lastKnownFileType = image.png; path = search_icon_1x.png; sourceTree = "<group>"; };
		7234A35A1B1543C900328E8E /* search_icon_2x.png */ = {isa = PBXFileReference; lastKnownFileType = image.png; path = search_icon_2x.png; sourceTree = "<group>"; };
		7234A35B1B1543C900328E8E /* search_icon_3x.png */ = {isa = PBXFileReference; lastKnownFileType = image.png; path = search_icon_3x.png; sourceTree = "<group>"; };
		7234A35C1B1543C900328E8E /* slider_blue_track_1x.png */ = {isa = PBXFileReference; lastKnownFileType = image.png; path = slider_blue_track_1x.png; sourceTree = "<group>"; };
		7234A35D1B1543C900328E8E /* slider_blue_track_2x.png */ = {isa = PBXFileReference; lastKnownFileType = image.png; path = slider_blue_track_2x.png; sourceTree = "<group>"; };
		7234A35E1B1543C900328E8E /* slider_blue_track_3x.png */ = {isa = PBXFileReference; lastKnownFileType = image.png; path = slider_blue_track_3x.png; sourceTree = "<group>"; };
		7234A35F1B1543C900328E8E /* slider_green_track_1x.png */ = {isa = PBXFileReference; lastKnownFileType = image.png; path = slider_green_track_1x.png; sourceTree = "<group>"; };
		7234A3601B1543C900328E8E /* slider_green_track_2x.png */ = {isa = PBXFileReference; lastKnownFileType = image.png; path = slider_green_track_2x.png; sourceTree = "<group>"; };
		7234A3611B1543C900328E8E /* slider_green_track_3x.png */ = {isa = PBXFileReference; lastKnownFileType = image.png; path = slider_green_track_3x.png; sourceTree = "<group>"; };
		7234A3621B1543C900328E8E /* slider_thumb_1x.png */ = {isa = PBXFileReference; lastKnownFileType = image.png; path = slider_thumb_1x.png; sourceTree = "<group>"; };
		7234A3631B1543C900328E8E /* slider_thumb_2x.png */ = {isa = PBXFileReference; lastKnownFileType = image.png; path = slider_thumb_2x.png; sourceTree = "<group>"; };
		7234A3641B1543C900328E8E /* slider_thumb_3x.png */ = {isa = PBXFileReference; lastKnownFileType = image.png; path = slider_thumb_3x.png; sourceTree = "<group>"; };
		7234A3651B1543C900328E8E /* stepper_and_segment_background_1x.png */ = {isa = PBXFileReference; lastKnownFileType = image.png; path = stepper_and_segment_background_1x.png; sourceTree = "<group>"; };
		7234A3661B1543C900328E8E /* stepper_and_segment_background_2x.png */ = {isa = PBXFileReference; lastKnownFileType = image.png; path = stepper_and_segment_background_2x.png; sourceTree = "<group>"; };
		7234A3671B1543C900328E8E /* stepper_and_segment_background_3x.png */ = {isa = PBXFileReference; lastKnownFileType = image.png; path = stepper_and_segment_background_3x.png; sourceTree = "<group>"; };
		7234A3681B1543C900328E8E /* stepper_and_segment_background_disabled_1x.png */ = {isa = PBXFileReference; lastKnownFileType = image.png; path = stepper_and_segment_background_disabled_1x.png; sourceTree = "<group>"; };
		7234A3691B1543C900328E8E /* stepper_and_segment_background_disabled_2x.png */ = {isa = PBXFileReference; lastKnownFileType = image.png; path = stepper_and_segment_background_disabled_2x.png; sourceTree = "<group>"; };
		7234A36A1B1543C900328E8E /* stepper_and_segment_background_disabled_3x.png */ = {isa = PBXFileReference; lastKnownFileType = image.png; path = stepper_and_segment_background_disabled_3x.png; sourceTree = "<group>"; };
		7234A36B1B1543C900328E8E /* stepper_and_segment_background_highlighted_1x.png */ = {isa = PBXFileReference; lastKnownFileType = image.png; path = stepper_and_segment_background_highlighted_1x.png; sourceTree = "<group>"; };
		7234A36C1B1543C900328E8E /* stepper_and_segment_background_highlighted_2x.png */ = {isa = PBXFileReference; lastKnownFileType = image.png; path = stepper_and_segment_background_highlighted_2x.png; sourceTree = "<group>"; };
		7234A36D1B1543C900328E8E /* stepper_and_segment_background_highlighted_3x.png */ = {isa = PBXFileReference; lastKnownFileType = image.png; path = stepper_and_segment_background_highlighted_3x.png; sourceTree = "<group>"; };
		7234A36E1B1543C900328E8E /* stepper_and_segment_divider_3x.png */ = {isa = PBXFileReference; lastKnownFileType = image.png; path = stepper_and_segment_divider_3x.png; sourceTree = "<group>"; };
		7234A36F1B1543C900328E8E /* stepper_and_segment_segment_divider_1x.png */ = {isa = PBXFileReference; lastKnownFileType = image.png; path = stepper_and_segment_segment_divider_1x.png; sourceTree = "<group>"; };
		7234A3701B1543C900328E8E /* stepper_and_segment_segment_divider_2x.png */ = {isa = PBXFileReference; lastKnownFileType = image.png; path = stepper_and_segment_segment_divider_2x.png; sourceTree = "<group>"; };
		7234A3711B1543C900328E8E /* text_field_background_1x.png */ = {isa = PBXFileReference; lastKnownFileType = image.png; path = text_field_background_1x.png; sourceTree = "<group>"; };
		7234A3721B1543C900328E8E /* text_field_background_2x.png */ = {isa = PBXFileReference; lastKnownFileType = image.png; path = text_field_background_2x.png; sourceTree = "<group>"; };
		7234A3731B1543C900328E8E /* text_field_background_3x.png */ = {isa = PBXFileReference; lastKnownFileType = image.png; path = text_field_background_3x.png; sourceTree = "<group>"; };
		7234A3741B1543C900328E8E /* text_field_purple_right_view_1x.png */ = {isa = PBXFileReference; lastKnownFileType = image.png; path = text_field_purple_right_view_1x.png; sourceTree = "<group>"; };
		7234A3751B1543C900328E8E /* text_field_purple_right_view_2x.png */ = {isa = PBXFileReference; lastKnownFileType = image.png; path = text_field_purple_right_view_2x.png; sourceTree = "<group>"; };
		7234A3761B1543C900328E8E /* text_field_purple_right_view_3x.png */ = {isa = PBXFileReference; lastKnownFileType = image.png; path = text_field_purple_right_view_3x.png; sourceTree = "<group>"; };
		7234A3771B1543C900328E8E /* text_view_attachment_1x.png */ = {isa = PBXFileReference; lastKnownFileType = image.png; path = text_view_attachment_1x.png; sourceTree = "<group>"; };
		7234A3781B1543C900328E8E /* text_view_attachment_2x.png */ = {isa = PBXFileReference; lastKnownFileType = image.png; path = text_view_attachment_2x.png; sourceTree = "<group>"; };
		7234A3791B1543C900328E8E /* text_view_attachment_3x.png */ = {isa = PBXFileReference; lastKnownFileType = image.png; path = text_view_attachment_3x.png; sourceTree = "<group>"; };
		7234A37A1B1543C900328E8E /* toolbar_background_1x.png */ = {isa = PBXFileReference; lastKnownFileType = image.png; path = toolbar_background_1x.png; sourceTree = "<group>"; };
		7234A37B1B1543C900328E8E /* toolbar_background_2x.png */ = {isa = PBXFileReference; lastKnownFileType = image.png; path = toolbar_background_2x.png; sourceTree = "<group>"; };
		7234A37C1B1543C900328E8E /* toolbar_background_3x.png */ = {isa = PBXFileReference; lastKnownFileType = image.png; path = toolbar_background_3x.png; sourceTree = "<group>"; };
		7234A37D1B1543C900328E8E /* tools_icon_1x.png */ = {isa = PBXFileReference; lastKnownFileType = image.png; path = tools_icon_1x.png; sourceTree = "<group>"; };
		7234A37E1B1543C900328E8E /* tools_icon_2x.png */ = {isa = PBXFileReference; lastKnownFileType = image.png; path = tools_icon_2x.png; sourceTree = "<group>"; };
		7234A37F1B1543C900328E8E /* tools_icon_3x.png */ = {isa = PBXFileReference; lastKnownFileType = image.png; path = tools_icon_3x.png; sourceTree = "<group>"; };
		7234A3801B1543C900328E8E /* x_icon_1x.png */ = {isa = PBXFileReference; lastKnownFileType = image.png; path = x_icon_1x.png; sourceTree = "<group>"; };
		7234A3811B1543C900328E8E /* x_icon_2x.png */ = {isa = PBXFileReference; lastKnownFileType = image.png; path = x_icon_2x.png; sourceTree = "<group>"; };
		7234A3821B1543C900328E8E /* x_icon_3x.png */ = {isa = PBXFileReference; lastKnownFileType = image.png; path = x_icon_3x.png; sourceTree = "<group>"; };
		7234A3831B1543C900328E8E /* ximage.png */ = {isa = PBXFileReference; lastKnownFileType = image.png; path = ximage.png; sourceTree = "<group>"; };
		7234A3851B1543C900328E8E /* JWLActivityIndicatorTableViewCell.h */ = {isa = PBXFileReference; fileEncoding = 4; lastKnownFileType = sourcecode.c.h; path = JWLActivityIndicatorTableViewCell.h; sourceTree = "<group>"; };
		7234A3861B1543C900328E8E /* JWLActivityIndicatorTableViewCell.m */ = {isa = PBXFileReference; fileEncoding = 4; lastKnownFileType = sourcecode.c.objc; path = JWLActivityIndicatorTableViewCell.m; sourceTree = "<group>"; };
		7234A3871B1543C900328E8E /* JWLActivityIndicatorView.h */ = {isa = PBXFileReference; fileEncoding = 4; lastKnownFileType = sourcecode.c.h; path = JWLActivityIndicatorView.h; sourceTree = "<group>"; };
		7234A3881B1543C900328E8E /* JWLActivityIndicatorView.m */ = {isa = PBXFileReference; fileEncoding = 4; lastKnownFileType = sourcecode.c.objc; path = JWLActivityIndicatorView.m; sourceTree = "<group>"; };
		7234A3891B1543C900328E8E /* JWLButtonTableViewCell.h */ = {isa = PBXFileReference; fileEncoding = 4; lastKnownFileType = sourcecode.c.h; path = JWLButtonTableViewCell.h; sourceTree = "<group>"; };
		7234A38A1B1543C900328E8E /* JWLButtonTableViewCell.m */ = {isa = PBXFileReference; fileEncoding = 4; lastKnownFileType = sourcecode.c.objc; path = JWLButtonTableViewCell.m; sourceTree = "<group>"; };
		7234A38B1B1543C900328E8E /* JWLCustomTextField.h */ = {isa = PBXFileReference; fileEncoding = 4; lastKnownFileType = sourcecode.c.h; path = JWLCustomTextField.h; sourceTree = "<group>"; };
		7234A38C1B1543C900328E8E /* JWLCustomTextField.m */ = {isa = PBXFileReference; fileEncoding = 4; lastKnownFileType = sourcecode.c.objc; path = JWLCustomTextField.m; sourceTree = "<group>"; };
		7234A38D1B1543C900328E8E /* JWLDatePickerInfoView.h */ = {isa = PBXFileReference; fileEncoding = 4; lastKnownFileType = sourcecode.c.h; path = JWLDatePickerInfoView.h; sourceTree = "<group>"; };
		7234A38E1B1543C900328E8E /* JWLDatePickerInfoView.m */ = {isa = PBXFileReference; fileEncoding = 4; lastKnownFileType = sourcecode.c.objc; path = JWLDatePickerInfoView.m; sourceTree = "<group>"; };
		7234A38F1B1543C900328E8E /* JWLImageViewInfoView.h */ = {isa = PBXFileReference; fileEncoding = 4; lastKnownFileType = sourcecode.c.h; path = JWLImageViewInfoView.h; sourceTree = "<group>"; };
		7234A3901B1543C900328E8E /* JWLImageViewInfoView.m */ = {isa = PBXFileReference; fileEncoding = 4; lastKnownFileType = sourcecode.c.objc; path = JWLImageViewInfoView.m; sourceTree = "<group>"; };
		7234A3911B1543C900328E8E /* JWLPageControlInfoView.h */ = {isa = PBXFileReference; fileEncoding = 4; lastKnownFileType = sourcecode.c.h; path = JWLPageControlInfoView.h; sourceTree = "<group>"; };
		7234A3921B1543C900328E8E /* JWLPageControlInfoView.m */ = {isa = PBXFileReference; fileEncoding = 4; lastKnownFileType = sourcecode.c.objc; path = JWLPageControlInfoView.m; sourceTree = "<group>"; };
		7234A3931B1543C900328E8E /* JWLPickerViewInfoView.h */ = {isa = PBXFileReference; fileEncoding = 4; lastKnownFileType = sourcecode.c.h; path = JWLPickerViewInfoView.h; sourceTree = "<group>"; };
		7234A3941B1543C900328E8E /* JWLProgressViewTableViewCell.h */ = {isa = PBXFileReference; fileEncoding = 4; lastKnownFileType = sourcecode.c.h; path = JWLProgressViewTableViewCell.h; sourceTree = "<group>"; };
		7234A3951B1543C900328E8E /* JWLProgressViewTableViewCell.m */ = {isa = PBXFileReference; fileEncoding = 4; lastKnownFileType = sourcecode.c.objc; path = JWLProgressViewTableViewCell.m; sourceTree = "<group>"; };
		7234A3961B1543C900328E8E /* JWLStepperTableViewCell.h */ = {isa = PBXFileReference; fileEncoding = 4; lastKnownFileType = sourcecode.c.h; path = JWLStepperTableViewCell.h; sourceTree = "<group>"; };
		7234A3971B1543C900328E8E /* JWLStepperTableViewCell.m */ = {isa = PBXFileReference; fileEncoding = 4; lastKnownFileType = sourcecode.c.objc; path = JWLStepperTableViewCell.m; sourceTree = "<group>"; };
		7234A3981B1543C900328E8E /* Test.xib */ = {isa = PBXFileReference; fileEncoding = 4; lastKnownFileType = file.xib; path = Test.xib; sourceTree = "<group>"; };
		72DF025A1AFB415000BBE4A5 /* exerciseUICatalog.app */ = {isa = PBXFileReference; explicitFileType = wrapper.application; includeInIndex = 0; path = exerciseUICatalog.app; sourceTree = BUILT_PRODUCTS_DIR; };
		72DF02731AFB415000BBE4A5 /* exerciseUICatalogTests.xctest */ = {isa = PBXFileReference; explicitFileType = wrapper.cfbundle; includeInIndex = 0; path = exerciseUICatalogTests.xctest; sourceTree = BUILT_PRODUCTS_DIR; };
		72DF02781AFB415000BBE4A5 /* Info.plist */ = {isa = PBXFileReference; lastKnownFileType = text.plist.xml; path = Info.plist; sourceTree = "<group>"; };
		72DF02791AFB415000BBE4A5 /* exerciseUICatalogTests.m */ = {isa = PBXFileReference; lastKnownFileType = sourcecode.c.objc; path = exerciseUICatalogTests.m; sourceTree = "<group>"; };
/* End PBXFileReference section */

/* Begin PBXFrameworksBuildPhase section */
		72DF02571AFB415000BBE4A5 /* Frameworks */ = {
			isa = PBXFrameworksBuildPhase;
			buildActionMask = 2147483647;
			files = (
			);
			runOnlyForDeploymentPostprocessing = 0;
		};
		72DF02701AFB415000BBE4A5 /* Frameworks */ = {
			isa = PBXFrameworksBuildPhase;
			buildActionMask = 2147483647;
			files = (
			);
			runOnlyForDeploymentPostprocessing = 0;
		};
/* End PBXFrameworksBuildPhase section */

/* Begin PBXGroup section */
		7234A2E81B1543C900328E8E /* exerciseUICatalog */ = {
			isa = PBXGroup;
			children = (
				7234A2EA1B1543C900328E8E /* JWLAppDelegate.h */,
				7234A2EB1B1543C900328E8E /* JWLAppDelegate.m */,
				7234A3081B1543C900328E8E /* UICatalog */,
				7234A2F21B1543C900328E8E /* Tetris */,
				7234A2EC1B1543C900328E8E /* Supporting files */,
				7234A2E91B1543C900328E8E /* Images.xcassets */,
			);
			path = exerciseUICatalog;
			sourceTree = "<group>";
		};
		7234A2EC1B1543C900328E8E /* Supporting files */ = {
			isa = PBXGroup;
			children = (
				7234A2ED1B1543C900328E8E /* Info.plist */,
				7234A2EE1B1543C900328E8E /* main.m */,
				7234A2EF1B1543C900328E8E /* Tetris.h */,
				7234A2F01B1543C900328E8E /* UIColor+TintColor.h */,
				7234A2F11B1543C900328E8E /* UIColor+TintColor.m */,
			);
			path = "Supporting files";
			sourceTree = "<group>";
		};
		7234A2F21B1543C900328E8E /* Tetris */ = {
			isa = PBXGroup;
			children = (
				7234A2F61B1543C900328E8E /* Object */,
				7234A2F31B1543C900328E8E /* Controller */,
				7234A3031B1543C900328E8E /* View */,
			);
			path = Tetris;
			sourceTree = "<group>";
		};
		7234A2F31B1543C900328E8E /* Controller */ = {
			isa = PBXGroup;
			children = (
				7234A2F41B1543C900328E8E /* JWLTetrisViewController.h */,
				7234A2F51B1543C900328E8E /* JWLTetrisViewController.m */,
			);
			path = Controller;
			sourceTree = "<group>";
		};
		7234A2F61B1543C900328E8E /* Object */ = {
			isa = PBXGroup;
			children = (
				7234A2F71B1543C900328E8E /* TetrisBlock.h */,
				7234A2F81B1543C900328E8E /* TetrisBlock.m */,
				7234A2F91B1543C900328E8E /* TetrisGame.h */,
				7234A2FA1B1543C900328E8E /* TetrisGame.m */,
				7234A2FB1B1543C900328E8E /* TetrisGameField.h */,
				7234A2FC1B1543C900328E8E /* TetrisGameField.m */,
				7234A2FD1B1543C900328E8E /* TetrisGameManager.h */,
				7234A2FE1B1543C900328E8E /* TetrisGameManager.m */,
				7234A2FF1B1543C900328E8E /* TetrisUnit.h */,
				7234A3001B1543C900328E8E /* TetrisUnit.m */,
				7234A3011B1543C900328E8E /* TTPosition.h */,
				7234A3021B1543C900328E8E /* TTPosition.m */,
			);
			path = Object;
			sourceTree = "<group>";
		};
		7234A3031B1543C900328E8E /* View */ = {
			isa = PBXGroup;
			children = (
				7234A3041B1543C900328E8E /* JWLButtonWithTimer.h */,
				7234A3051B1543C900328E8E /* JWLButtonWithTimer.m */,
				7234A3061B1543C900328E8E /* JWLTetrisView.h */,
				7234A3071B1543C900328E8E /* JWLTetrisView.m */,
			);
			path = View;
			sourceTree = "<group>";
		};
		7234A3081B1543C900328E8E /* UICatalog */ = {
			isa = PBXGroup;
			children = (
				7234A3471B1543C900328E8E /* Resource */,
				7234A3091B1543C900328E8E /* Controller */,
				7234A3841B1543C900328E8E /* View */,
			);
			path = UICatalog;
			sourceTree = "<group>";
		};
		7234A3091B1543C900328E8E /* Controller */ = {
			isa = PBXGroup;
			children = (
				7234A30A1B1543C900328E8E /* JWLActivityIndicatorViewController.h */,
				7234A30B1B1543C900328E8E /* JWLActivityIndicatorViewController.m */,
				7234A30C1B1543C900328E8E /* JWLAlertControllerViewController.h */,
				7234A30D1B1543C900328E8E /* JWLAlertControllerViewController.m */,
				7234A30E1B1543C900328E8E /* JWLButtonViewController.h */,
				7234A30F1B1543C900328E8E /* JWLButtonViewController.m */,
				7234A3101B1543C900328E8E /* JWLCustomSearchBarViewController.h */,
				7234A3111B1543C900328E8E /* JWLCustomSearchBarViewController.m */,
				7234A3121B1543C900328E8E /* JWLCustomToolbarViewController.h */,
				7234A3131B1543C900328E8E /* JWLCustomToolbarViewController.m */,
				7234A3141B1543C900328E8E /* JWLDatePickerController.h */,
				7234A3151B1543C900328E8E /* JWLDatePickerController.m */,
				7234A3161B1543C900328E8E /* JWLDefaultSearchBarViewController.h */,
				7234A3171B1543C900328E8E /* JWLDefaultSearchBarViewController.m */,
				7234A3181B1543C900328E8E /* JWLDefaultToolbarViewController.h */,
				7234A3191B1543C900328E8E /* JWLDefaultToolbarViewController.m */,
				7234A31A1B1543C900328E8E /* JWLImageViewController.h */,
				7234A31B1B1543C900328E8E /* JWLImageViewController.m */,
				7234A31C1B1543C900328E8E /* JWLNavigationController.h */,
				7234A31D1B1543C900328E8E /* JWLNavigationController.m */,
				7234A31E1B1543C900328E8E /* JWLPageControlViewController.h */,
				7234A31F1B1543C900328E8E /* JWLPageControlViewController.m */,
				7234A3201B1543C900328E8E /* JWLPickerViewController.h */,
				7234A3211B1543C900328E8E /* JWLPickerViewController.m */,
				7234A3221B1543C900328E8E /* JWLPickerViewInfoView.m */,
				7234A3231B1543C900328E8E /* JWLProgressViewController.h */,
				7234A3241B1543C900328E8E /* JWLProgressViewController.m */,
				7234A3251B1543C900328E8E /* JWLSearchBarEmbeddedInNavigationBarControllerTableViewController.h */,
				7234A3261B1543C900328E8E /* JWLSearchBarEmbeddedInNavigationBarControllerTableViewController.m */,
				7234A3271B1543C900328E8E /* JWLSearchListViewController.h */,
				7234A3281B1543C900328E8E /* JWLSearchListViewController.m */,
				7234A3291B1543C900328E8E /* JWLSearchPresentOverNavigationBarViewController.h */,
				7234A32A1B1543C900328E8E /* JWLSearchPresentOverNavigationBarViewController.m */,
				7234A32B1B1543C900328E8E /* JWLSearchShowResultsInSourceViewController.h */,
				7234A32C1B1543C900328E8E /* JWLSearchShowResultsInSourceViewController.m */,
				7234A32D1B1543C900328E8E /* JWLSegmentedControlViewController.h */,
				7234A32E1B1543C900328E8E /* JWLSegmentedControlViewController.m */,
				7234A32F1B1543C900328E8E /* JWLSliderViewController.h */,
				7234A3301B1543C900328E8E /* JWLSliderViewController.m */,
				7234A3311B1543C900328E8E /* JWLStepperViewController.h */,
				7234A3321B1543C900328E8E /* JWLStepperViewController.m */,
				7234A3331B1543C900328E8E /* JWLSwitchViewController.h */,
				7234A3341B1543C900328E8E /* JWLSwitchViewController.m */,
				7234A3351B1543C900328E8E /* JWLTabBarController.h */,
				7234A3361B1543C900328E8E /* JWLTabBarController.m */,
				7234A3391B1543C900328E8E /* JWLTextFieldViewController.h */,
				7234A33A1B1543C900328E8E /* JWLTextFieldViewController.m */,
				7234A33B1B1543C900328E8E /* JWLTextViewController.h */,
				7234A33C1B1543C900328E8E /* JWLTextViewController.m */,
				7234A33D1B1543C900328E8E /* JWLTintedToolbarViewController.h */,
				7234A33E1B1543C900328E8E /* JWLTintedToolbarViewController.m */,
				7234A33F1B1543C900328E8E /* JWLToolbarListViewController.h */,
				7234A3401B1543C900328E8E /* JWLToolbarListViewController.m */,
				7234A3411B1543C900328E8E /* JWLUICatalogListViewController.h */,
				7234A3421B1543C900328E8E /* JWLUICatalogListViewController.m */,
				7234A3431B1543C900328E8E /* JWLWebViewController.h */,
				7234A3441B1543C900328E8E /* JWLWebViewController.m */,
				7234A3451B1543C900328E8E /* JWLWorldTimeViewController.h */,
				7234A3461B1543C900328E8E /* JWLWorldTimeViewController.m */,
			);
			path = Controller;
			sourceTree = "<group>";
		};
		7234A3471B1543C900328E8E /* Resource */ = {
			isa = PBXGroup;
			children = (
				7234A3481B1543C900328E8E /* bookmark_icon_1x.png */,
				7234A3491B1543C900328E8E /* bookmark_icon_2x.png */,
				7234A34A1B1543C900328E8E /* bookmark_icon_3x.png */,
				7234A34B1B1543C900328E8E /* bookmark_icon_highlighted_1x.png */,
				7234A34C1B1543C900328E8E /* bookmark_icon_highlighted_2x.png */,
				7234A34D1B1543C900328E8E /* bookmark_icon_highlighted_3x.png */,
				7234A34E1B1543C900328E8E /* checkmark_icon_1x.png */,
				7234A34F1B1543C900328E8E /* checkmark_icon_2x.png */,
				7234A3501B1543C900328E8E /* checkmark_icon_3x.png */,
				7234A3511B1543C900328E8E /* image_scenery1.jpg */,
				7234A3521B1543C900328E8E /* image_scenery2.jpg */,
				7234A3531B1543C900328E8E /* image_scenery3.jpg */,
				7234A3541B1543C900328E8E /* image_scenery4.jpg */,
				7234A3551B1543C900328E8E /* image_scenery5.jpg */,
				7234A3561B1543C900328E8E /* search_bar_background_3x.png */,
				7234A3571B1543C900328E8E /* search_bar_bg_1x.png */,
				7234A3581B1543C900328E8E /* search_bar_bg_2x.png */,
				7234A3591B1543C900328E8E /* search_icon_1x.png */,
				7234A35A1B1543C900328E8E /* search_icon_2x.png */,
				7234A35B1B1543C900328E8E /* search_icon_3x.png */,
				7234A35C1B1543C900328E8E /* slider_blue_track_1x.png */,
				7234A35D1B1543C900328E8E /* slider_blue_track_2x.png */,
				7234A35E1B1543C900328E8E /* slider_blue_track_3x.png */,
				7234A35F1B1543C900328E8E /* slider_green_track_1x.png */,
				7234A3601B1543C900328E8E /* slider_green_track_2x.png */,
				7234A3611B1543C900328E8E /* slider_green_track_3x.png */,
				7234A3621B1543C900328E8E /* slider_thumb_1x.png */,
				7234A3631B1543C900328E8E /* slider_thumb_2x.png */,
				7234A3641B1543C900328E8E /* slider_thumb_3x.png */,
				7234A3651B1543C900328E8E /* stepper_and_segment_background_1x.png */,
				7234A3661B1543C900328E8E /* stepper_and_segment_background_2x.png */,
				7234A3671B1543C900328E8E /* stepper_and_segment_background_3x.png */,
				7234A3681B1543C900328E8E /* stepper_and_segment_background_disabled_1x.png */,
				7234A3691B1543C900328E8E /* stepper_and_segment_background_disabled_2x.png */,
				7234A36A1B1543C900328E8E /* stepper_and_segment_background_disabled_3x.png */,
				7234A36B1B1543C900328E8E /* stepper_and_segment_background_highlighted_1x.png */,
				7234A36C1B1543C900328E8E /* stepper_and_segment_background_highlighted_2x.png */,
				7234A36D1B1543C900328E8E /* stepper_and_segment_background_highlighted_3x.png */,
				7234A36E1B1543C900328E8E /* stepper_and_segment_divider_3x.png */,
				7234A36F1B1543C900328E8E /* stepper_and_segment_segment_divider_1x.png */,
				7234A3701B1543C900328E8E /* stepper_and_segment_segment_divider_2x.png */,
				7234A3711B1543C900328E8E /* text_field_background_1x.png */,
				7234A3721B1543C900328E8E /* text_field_background_2x.png */,
				7234A3731B1543C900328E8E /* text_field_background_3x.png */,
				7234A3741B1543C900328E8E /* text_field_purple_right_view_1x.png */,
				7234A3751B1543C900328E8E /* text_field_purple_right_view_2x.png */,
				7234A3761B1543C900328E8E /* text_field_purple_right_view_3x.png */,
				7234A3771B1543C900328E8E /* text_view_attachment_1x.png */,
				7234A3781B1543C900328E8E /* text_view_attachment_2x.png */,
				7234A3791B1543C900328E8E /* text_view_attachment_3x.png */,
				7234A37A1B1543C900328E8E /* toolbar_background_1x.png */,
				7234A37B1B1543C900328E8E /* toolbar_background_2x.png */,
				7234A37C1B1543C900328E8E /* toolbar_background_3x.png */,
				7234A37D1B1543C900328E8E /* tools_icon_1x.png */,
				7234A37E1B1543C900328E8E /* tools_icon_2x.png */,
				7234A37F1B1543C900328E8E /* tools_icon_3x.png */,
				7234A3801B1543C900328E8E /* x_icon_1x.png */,
				7234A3811B1543C900328E8E /* x_icon_2x.png */,
				7234A3821B1543C900328E8E /* x_icon_3x.png */,
				7234A3831B1543C900328E8E /* ximage.png */,
			);
			path = Resource;
			sourceTree = "<group>";
		};
		7234A3841B1543C900328E8E /* View */ = {
			isa = PBXGroup;
			children = (
				7234A3851B1543C900328E8E /* JWLActivityIndicatorTableViewCell.h */,
				7234A3861B1543C900328E8E /* JWLActivityIndicatorTableViewCell.m */,
				7234A3871B1543C900328E8E /* JWLActivityIndicatorView.h */,
				7234A3881B1543C900328E8E /* JWLActivityIndicatorView.m */,
				7234A3891B1543C900328E8E /* JWLButtonTableViewCell.h */,
				7234A38A1B1543C900328E8E /* JWLButtonTableViewCell.m */,
				7234A38B1B1543C900328E8E /* JWLCustomTextField.h */,
				7234A38C1B1543C900328E8E /* JWLCustomTextField.m */,
				7234A38D1B1543C900328E8E /* JWLDatePickerInfoView.h */,
				7234A38E1B1543C900328E8E /* JWLDatePickerInfoView.m */,
				7234A38F1B1543C900328E8E /* JWLImageViewInfoView.h */,
				7234A3901B1543C900328E8E /* JWLImageViewInfoView.m */,
				7234A3911B1543C900328E8E /* JWLPageControlInfoView.h */,
				7234A3921B1543C900328E8E /* JWLPageControlInfoView.m */,
				7234A3931B1543C900328E8E /* JWLPickerViewInfoView.h */,
				7234A3941B1543C900328E8E /* JWLProgressViewTableViewCell.h */,
				7234A3951B1543C900328E8E /* JWLProgressViewTableViewCell.m */,
				7234A3961B1543C900328E8E /* JWLStepperTableViewCell.h */,
				7234A3971B1543C900328E8E /* JWLStepperTableViewCell.m */,
				7234A3981B1543C900328E8E /* Test.xib */,
			);
			path = View;
			sourceTree = "<group>";
		};
		72DF02511AFB415000BBE4A5 = {
			isa = PBXGroup;
			children = (
				7234A2E81B1543C900328E8E /* exerciseUICatalog */,
				72DF02761AFB415000BBE4A5 /* exerciseUICatalogTests */,
				72DF025B1AFB415000BBE4A5 /* Products */,
			);
			sourceTree = "<group>";
		};
		72DF025B1AFB415000BBE4A5 /* Products */ = {
			isa = PBXGroup;
			children = (
				72DF025A1AFB415000BBE4A5 /* exerciseUICatalog.app */,
				72DF02731AFB415000BBE4A5 /* exerciseUICatalogTests.xctest */,
			);
			name = Products;
			sourceTree = "<group>";
		};
		72DF02761AFB415000BBE4A5 /* exerciseUICatalogTests */ = {
			isa = PBXGroup;
			children = (
				72DF02791AFB415000BBE4A5 /* exerciseUICatalogTests.m */,
				72DF02771AFB415000BBE4A5 /* Supporting Files */,
			);
			path = exerciseUICatalogTests;
			sourceTree = "<group>";
		};
		72DF02771AFB415000BBE4A5 /* Supporting Files */ = {
			isa = PBXGroup;
			children = (
				72DF02781AFB415000BBE4A5 /* Info.plist */,
			);
			name = "Supporting Files";
			sourceTree = "<group>";
		};
/* End PBXGroup section */

/* Begin PBXNativeTarget section */
		72DF02591AFB415000BBE4A5 /* exerciseUICatalog */ = {
			isa = PBXNativeTarget;
			buildConfigurationList = 72DF027D1AFB415000BBE4A5 /* Build configuration list for PBXNativeTarget "exerciseUICatalog" */;
			buildPhases = (
				72DF02561AFB415000BBE4A5 /* Sources */,
				72DF02571AFB415000BBE4A5 /* Frameworks */,
				72DF02581AFB415000BBE4A5 /* Resources */,
			);
			buildRules = (
			);
			dependencies = (
			);
			name = exerciseUICatalog;
			productName = exerciseUICatalog;
			productReference = 72DF025A1AFB415000BBE4A5 /* exerciseUICatalog.app */;
			productType = "com.apple.product-type.application";
		};
		72DF02721AFB415000BBE4A5 /* exerciseUICatalogTests */ = {
			isa = PBXNativeTarget;
			buildConfigurationList = 72DF02801AFB415000BBE4A5 /* Build configuration list for PBXNativeTarget "exerciseUICatalogTests" */;
			buildPhases = (
				72DF026F1AFB415000BBE4A5 /* Sources */,
				72DF02701AFB415000BBE4A5 /* Frameworks */,
				72DF02711AFB415000BBE4A5 /* Resources */,
			);
			buildRules = (
			);
			dependencies = (
				72DF02751AFB415000BBE4A5 /* PBXTargetDependency */,
			);
			name = exerciseUICatalogTests;
			productName = exerciseUICatalogTests;
			productReference = 72DF02731AFB415000BBE4A5 /* exerciseUICatalogTests.xctest */;
			productType = "com.apple.product-type.bundle.unit-test";
		};
/* End PBXNativeTarget section */

/* Begin PBXProject section */
		72DF02521AFB415000BBE4A5 /* Project object */ = {
			isa = PBXProject;
			attributes = {
				CLASSPREFIX = JWL;
				LastUpgradeCheck = 0620;
				ORGANIZATIONNAME = ljw;
				TargetAttributes = {
					72DF02591AFB415000BBE4A5 = {
						CreatedOnToolsVersion = 6.2;
						DevelopmentTeam = 88N447GNX7;
					};
					72DF02721AFB415000BBE4A5 = {
						CreatedOnToolsVersion = 6.2;
						TestTargetID = 72DF02591AFB415000BBE4A5;
					};
				};
			};
			buildConfigurationList = 72DF02551AFB415000BBE4A5 /* Build configuration list for PBXProject "exerciseUICatalog" */;
			compatibilityVersion = "Xcode 3.2";
			developmentRegion = English;
			hasScannedForEncodings = 0;
			knownRegions = (
				en,
				Base,
			);
			mainGroup = 72DF02511AFB415000BBE4A5;
			productRefGroup = 72DF025B1AFB415000BBE4A5 /* Products */;
			projectDirPath = "";
			projectRoot = "";
			targets = (
				72DF02591AFB415000BBE4A5 /* exerciseUICatalog */,
				72DF02721AFB415000BBE4A5 /* exerciseUICatalogTests */,
			);
		};
/* End PBXProject section */

/* Begin PBXResourcesBuildPhase section */
		72DF02581AFB415000BBE4A5 /* Resources */ = {
			isa = PBXResourcesBuildPhase;
			buildActionMask = 2147483647;
			files = (
				7234A3C61B1543C900328E8E /* bookmark_icon_1x.png in Resources */,
				7234A3D31B1543C900328E8E /* image_scenery5.jpg in Resources */,
				7234A3DB1B1543C900328E8E /* slider_blue_track_2x.png in Resources */,
				7234A3FD1B1543C900328E8E /* tools_icon_3x.png in Resources */,
				7234A3FA1B1543C900328E8E /* toolbar_background_3x.png in Resources */,
				7234A3DC1B1543C900328E8E /* slider_blue_track_3x.png in Resources */,
				7234A3FB1B1543C900328E8E /* tools_icon_1x.png in Resources */,
				7234A3ED1B1543C900328E8E /* stepper_and_segment_segment_divider_1x.png in Resources */,
				7234A3F61B1543C900328E8E /* text_view_attachment_2x.png in Resources */,
				7234A4001B1543C900328E8E /* x_icon_3x.png in Resources */,
				7234A3CD1B1543C900328E8E /* checkmark_icon_2x.png in Resources */,
				7234A3FC1B1543C900328E8E /* tools_icon_2x.png in Resources */,
				7234A3F51B1543C900328E8E /* text_view_attachment_1x.png in Resources */,
				7234A3F21B1543C900328E8E /* text_field_purple_right_view_1x.png in Resources */,
				7234A3E41B1543C900328E8E /* stepper_and_segment_background_2x.png in Resources */,
				7234A3E31B1543C900328E8E /* stepper_and_segment_background_1x.png in Resources */,
				7234A3E51B1543C900328E8E /* stepper_and_segment_background_3x.png in Resources */,
				7234A3F01B1543C900328E8E /* text_field_background_2x.png in Resources */,
				7234A3EA1B1543C900328E8E /* stepper_and_segment_background_highlighted_2x.png in Resources */,
				7234A3C91B1543C900328E8E /* bookmark_icon_highlighted_1x.png in Resources */,
				7234A3E91B1543C900328E8E /* stepper_and_segment_background_highlighted_1x.png in Resources */,
				7234A4011B1543C900328E8E /* ximage.png in Resources */,
				7234A3F11B1543C900328E8E /* text_field_background_3x.png in Resources */,
				7234A3CA1B1543C900328E8E /* bookmark_icon_highlighted_2x.png in Resources */,
				7234A3E61B1543C900328E8E /* stepper_and_segment_background_disabled_1x.png in Resources */,
				7234A3FE1B1543C900328E8E /* x_icon_1x.png in Resources */,
				7234A3D11B1543C900328E8E /* image_scenery3.jpg in Resources */,
				7234A3D81B1543C900328E8E /* search_icon_2x.png in Resources */,
				7234A3D21B1543C900328E8E /* image_scenery4.jpg in Resources */,
				7234A3CE1B1543C900328E8E /* checkmark_icon_3x.png in Resources */,
				7234A3D01B1543C900328E8E /* image_scenery2.jpg in Resources */,
				7234A3E11B1543C900328E8E /* slider_thumb_2x.png in Resources */,
				7234A3D61B1543C900328E8E /* search_bar_bg_2x.png in Resources */,
				7234A3F71B1543C900328E8E /* text_view_attachment_3x.png in Resources */,
				7234A3D71B1543C900328E8E /* search_icon_1x.png in Resources */,
				7234A3DE1B1543C900328E8E /* slider_green_track_2x.png in Resources */,
				7234A3C71B1543C900328E8E /* bookmark_icon_2x.png in Resources */,
				7234A3D51B1543C900328E8E /* search_bar_bg_1x.png in Resources */,
				7234A3F31B1543C900328E8E /* text_field_purple_right_view_2x.png in Resources */,
				7234A3EF1B1543C900328E8E /* text_field_background_1x.png in Resources */,
				7234A3991B1543C900328E8E /* Images.xcassets in Resources */,
				7234A3E01B1543C900328E8E /* slider_thumb_1x.png in Resources */,
				7234A3FF1B1543C900328E8E /* x_icon_2x.png in Resources */,
				7234A3F81B1543C900328E8E /* toolbar_background_1x.png in Resources */,
				7234A3CB1B1543C900328E8E /* bookmark_icon_highlighted_3x.png in Resources */,
				7234A3EB1B1543C900328E8E /* stepper_and_segment_background_highlighted_3x.png in Resources */,
				7234A3F91B1543C900328E8E /* toolbar_background_2x.png in Resources */,
				7234A3E21B1543C900328E8E /* slider_thumb_3x.png in Resources */,
				7234A3E71B1543C900328E8E /* stepper_and_segment_background_disabled_2x.png in Resources */,
				7234A3DD1B1543C900328E8E /* slider_green_track_1x.png in Resources */,
				7234A3EE1B1543C900328E8E /* stepper_and_segment_segment_divider_2x.png in Resources */,
				7234A3E81B1543C900328E8E /* stepper_and_segment_background_disabled_3x.png in Resources */,
				7234A3DF1B1543C900328E8E /* slider_green_track_3x.png in Resources */,
				7234A3D91B1543C900328E8E /* search_icon_3x.png in Resources */,
				7234A3CF1B1543C900328E8E /* image_scenery1.jpg in Resources */,
				7234A3C81B1543C900328E8E /* bookmark_icon_3x.png in Resources */,
				7234A3F41B1543C900328E8E /* text_field_purple_right_view_3x.png in Resources */,
				7234A40B1B1543C900328E8E /* Test.xib in Resources */,
				7234A3CC1B1543C900328E8E /* checkmark_icon_1x.png in Resources */,
				7234A3D41B1543C900328E8E /* search_bar_background_3x.png in Resources */,
				7234A3EC1B1543C900328E8E /* stepper_and_segment_divider_3x.png in Resources */,
				7234A3DA1B1543C900328E8E /* slider_blue_track_1x.png in Resources */,
			);
			runOnlyForDeploymentPostprocessing = 0;
		};
		72DF02711AFB415000BBE4A5 /* Resources */ = {
			isa = PBXResourcesBuildPhase;
			buildActionMask = 2147483647;
			files = (
			);
			runOnlyForDeploymentPostprocessing = 0;
		};
/* End PBXResourcesBuildPhase section */

/* Begin PBXSourcesBuildPhase section */
		72DF02561AFB415000BBE4A5 /* Sources */ = {
			isa = PBXSourcesBuildPhase;
			buildActionMask = 2147483647;
			files = (
				7234A4021B1543C900328E8E /* JWLActivityIndicatorTableViewCell.m in Sources */,
				7234A3BD1B1543C900328E8E /* JWLTabBarController.m in Sources */,
				7234A3C31B1543C900328E8E /* JWLUICatalogListViewController.m in Sources */,
				7234A4031B1543C900328E8E /* JWLActivityIndicatorView.m in Sources */,
				7234A4051B1543C900328E8E /* JWLCustomTextField.m in Sources */,
				7234A3AE1B1543C900328E8E /* JWLDefaultToolbarViewController.m in Sources */,
				7234A39D1B1543C900328E8E /* UIColor+TintColor.m in Sources */,
				7234A3AB1B1543C900328E8E /* JWLCustomToolbarViewController.m in Sources */,
				7234A3BA1B1543C900328E8E /* JWLSliderViewController.m in Sources */,
				7234A39C1B1543C900328E8E /* main.m in Sources */,
				7234A3B81B1543C900328E8E /* JWLSearchShowResultsInSourceViewController.m in Sources */,
				7234A39A1B1543C900328E8E /* JWLAppDelegate.m in Sources */,
				7234A3B71B1543C900328E8E /* JWLSearchPresentOverNavigationBarViewController.m in Sources */,
				7234A3A81B1543C900328E8E /* JWLAlertControllerViewController.m in Sources */,
				7234A3B61B1543C900328E8E /* JWLSearchListViewController.m in Sources */,
				7234A3B51B1543C900328E8E /* JWLSearchBarEmbeddedInNavigationBarControllerTableViewController.m in Sources */,
				7234A3B31B1543C900328E8E /* JWLPickerViewInfoView.m in Sources */,
				7234A3B41B1543C900328E8E /* JWLProgressViewController.m in Sources */,
				7234A40A1B1543C900328E8E /* JWLStepperTableViewCell.m in Sources */,
				7234A3AD1B1543C900328E8E /* JWLDefaultSearchBarViewController.m in Sources */,
				7234A3C51B1543C900328E8E /* JWLWorldTimeViewController.m in Sources */,
				7234A39E1B1543C900328E8E /* JWLTetrisViewController.m in Sources */,
				7234A3A51B1543C900328E8E /* JWLButtonWithTimer.m in Sources */,
				7234A3A61B1543C900328E8E /* JWLTetrisView.m in Sources */,
				7234A3A01B1543C900328E8E /* TetrisGame.m in Sources */,
				7234A3B91B1543C900328E8E /* JWLSegmentedControlViewController.m in Sources */,
				7234A3BB1B1543C900328E8E /* JWLStepperViewController.m in Sources */,
				7234A3B01B1543C900328E8E /* JWLNavigationController.m in Sources */,
				7234A4041B1543C900328E8E /* JWLButtonTableViewCell.m in Sources */,
				7234A3AC1B1543C900328E8E /* JWLDatePickerController.m in Sources */,
				7234A3A71B1543C900328E8E /* JWLActivityIndicatorViewController.m in Sources */,
				7234A4071B1543C900328E8E /* JWLImageViewInfoView.m in Sources */,
				7234A3C11B1543C900328E8E /* JWLTintedToolbarViewController.m in Sources */,
				7234A3C01B1543C900328E8E /* JWLTextViewController.m in Sources */,
				7234A3B21B1543C900328E8E /* JWLPickerViewController.m in Sources */,
				7234A4061B1543C900328E8E /* JWLDatePickerInfoView.m in Sources */,
				7234A4091B1543C900328E8E /* JWLProgressViewTableViewCell.m in Sources */,
				7234A3C21B1543C900328E8E /* JWLToolbarListViewController.m in Sources */,
				7234A3B11B1543C900328E8E /* JWLPageControlViewController.m in Sources */,
				7234A3A91B1543C900328E8E /* JWLButtonViewController.m in Sources */,
				7234A39F1B1543C900328E8E /* TetrisBlock.m in Sources */,
				7234A3AA1B1543C900328E8E /* JWLCustomSearchBarViewController.m in Sources */,
				7234A3BF1B1543C900328E8E /* JWLTextFieldViewController.m in Sources */,
				7234A3C41B1543C900328E8E /* JWLWebViewController.m in Sources */,
				7234A3AF1B1543C900328E8E /* JWLImageViewController.m in Sources */,
				7234A3A41B1543C900328E8E /* TTPosition.m in Sources */,
				7234A3BC1B1543C900328E8E /* JWLSwitchViewController.m in Sources */,
				7234A3A31B1543C900328E8E /* TetrisUnit.m in Sources */,
				7234A4081B1543C900328E8E /* JWLPageControlInfoView.m in Sources */,
				7234A3A21B1543C900328E8E /* TetrisGameManager.m in Sources */,
				7234A3A11B1543C900328E8E /* TetrisGameField.m in Sources */,
			);
			runOnlyForDeploymentPostprocessing = 0;
		};
		72DF026F1AFB415000BBE4A5 /* Sources */ = {
			isa = PBXSourcesBuildPhase;
			buildActionMask = 2147483647;
			files = (
				72DF027A1AFB415000BBE4A5 /* exerciseUICatalogTests.m in Sources */,
			);
			runOnlyForDeploymentPostprocessing = 0;
		};
/* End PBXSourcesBuildPhase section */

/* Begin PBXTargetDependency section */
		72DF02751AFB415000BBE4A5 /* PBXTargetDependency */ = {
			isa = PBXTargetDependency;
			target = 72DF02591AFB415000BBE4A5 /* exerciseUICatalog */;
			targetProxy = 72DF02741AFB415000BBE4A5 /* PBXContainerItemProxy */;
		};
/* End PBXTargetDependency section */

/* Begin XCBuildConfiguration section */
		72DF027B1AFB415000BBE4A5 /* Debug */ = {
			isa = XCBuildConfiguration;
			buildSettings = {
				ALWAYS_SEARCH_USER_PATHS = NO;
				CLANG_CXX_LANGUAGE_STANDARD = "gnu++0x";
				CLANG_CXX_LIBRARY = "libc++";
				CLANG_ENABLE_MODULES = YES;
				CLANG_ENABLE_OBJC_ARC = YES;
				CLANG_WARN_BOOL_CONVERSION = YES;
				CLANG_WARN_CONSTANT_CONVERSION = YES;
				CLANG_WARN_DIRECT_OBJC_ISA_USAGE = YES_ERROR;
				CLANG_WARN_EMPTY_BODY = YES;
				CLANG_WARN_ENUM_CONVERSION = YES;
				CLANG_WARN_INT_CONVERSION = YES;
				CLANG_WARN_OBJC_ROOT_CLASS = YES_ERROR;
				CLANG_WARN_UNREACHABLE_CODE = YES;
				CLANG_WARN__DUPLICATE_METHOD_MATCH = YES;
				"CODE_SIGN_IDENTITY[sdk=iphoneos*]" = "iPhone Developer";
				COPY_PHASE_STRIP = NO;
				ENABLE_STRICT_OBJC_MSGSEND = YES;
				GCC_C_LANGUAGE_STANDARD = gnu99;
				GCC_DYNAMIC_NO_PIC = NO;
				GCC_OPTIMIZATION_LEVEL = 0;
				GCC_PREPROCESSOR_DEFINITIONS = (
					"DEBUG=1",
					"$(inherited)",
				);
				GCC_SYMBOLS_PRIVATE_EXTERN = NO;
				GCC_WARN_64_TO_32_BIT_CONVERSION = YES;
				GCC_WARN_ABOUT_RETURN_TYPE = YES_ERROR;
				GCC_WARN_UNDECLARED_SELECTOR = YES;
				GCC_WARN_UNINITIALIZED_AUTOS = YES_AGGRESSIVE;
				GCC_WARN_UNUSED_FUNCTION = YES;
				GCC_WARN_UNUSED_VARIABLE = YES;
				IPHONEOS_DEPLOYMENT_TARGET = 8.2;
				MTL_ENABLE_DEBUG_INFO = YES;
				ONLY_ACTIVE_ARCH = YES;
				SDKROOT = iphoneos;
			};
			name = Debug;
		};
		72DF027C1AFB415000BBE4A5 /* Release */ = {
			isa = XCBuildConfiguration;
			buildSettings = {
				ALWAYS_SEARCH_USER_PATHS = NO;
				CLANG_CXX_LANGUAGE_STANDARD = "gnu++0x";
				CLANG_CXX_LIBRARY = "libc++";
				CLANG_ENABLE_MODULES = YES;
				CLANG_ENABLE_OBJC_ARC = YES;
				CLANG_WARN_BOOL_CONVERSION = YES;
				CLANG_WARN_CONSTANT_CONVERSION = YES;
				CLANG_WARN_DIRECT_OBJC_ISA_USAGE = YES_ERROR;
				CLANG_WARN_EMPTY_BODY = YES;
				CLANG_WARN_ENUM_CONVERSION = YES;
				CLANG_WARN_INT_CONVERSION = YES;
				CLANG_WARN_OBJC_ROOT_CLASS = YES_ERROR;
				CLANG_WARN_UNREACHABLE_CODE = YES;
				CLANG_WARN__DUPLICATE_METHOD_MATCH = YES;
				"CODE_SIGN_IDENTITY[sdk=iphoneos*]" = "iPhone Developer";
				COPY_PHASE_STRIP = NO;
				ENABLE_NS_ASSERTIONS = NO;
				ENABLE_STRICT_OBJC_MSGSEND = YES;
				GCC_C_LANGUAGE_STANDARD = gnu99;
				GCC_WARN_64_TO_32_BIT_CONVERSION = YES;
				GCC_WARN_ABOUT_RETURN_TYPE = YES_ERROR;
				GCC_WARN_UNDECLARED_SELECTOR = YES;
				GCC_WARN_UNINITIALIZED_AUTOS = YES_AGGRESSIVE;
				GCC_WARN_UNUSED_FUNCTION = YES;
				GCC_WARN_UNUSED_VARIABLE = YES;
				IPHONEOS_DEPLOYMENT_TARGET = 8.2;
				MTL_ENABLE_DEBUG_INFO = NO;
				SDKROOT = iphoneos;
				VALIDATE_PRODUCT = YES;
			};
			name = Release;
		};
		72DF027E1AFB415000BBE4A5 /* Debug */ = {
			isa = XCBuildConfiguration;
			buildSettings = {
				ASSETCATALOG_COMPILER_APPICON_NAME = AppIcon;
				ASSETCATALOG_COMPILER_LAUNCHIMAGE_NAME = "LaunchImage-2";
				CODE_SIGN_IDENTITY = "iPhone Developer";
				INFOPLIST_FILE = "exerciseUICatalog/Supporting files/Info.plist";
				IPHONEOS_DEPLOYMENT_TARGET = 8.1;
				LD_RUNPATH_SEARCH_PATHS = "$(inherited) @executable_path/Frameworks";
				PRODUCT_NAME = "$(TARGET_NAME)";
				TARGETED_DEVICE_FAMILY = "1,2";
			};
			name = Debug;
		};
		72DF027F1AFB415000BBE4A5 /* Release */ = {
			isa = XCBuildConfiguration;
			buildSettings = {
				ASSETCATALOG_COMPILER_APPICON_NAME = AppIcon;
				ASSETCATALOG_COMPILER_LAUNCHIMAGE_NAME = "LaunchImage-2";
				CODE_SIGN_IDENTITY = "iPhone Developer";
				INFOPLIST_FILE = "exerciseUICatalog/Supporting files/Info.plist";
				IPHONEOS_DEPLOYMENT_TARGET = 8.1;
				LD_RUNPATH_SEARCH_PATHS = "$(inherited) @executable_path/Frameworks";
				PRODUCT_NAME = "$(TARGET_NAME)";
				TARGETED_DEVICE_FAMILY = "1,2";
			};
			name = Release;
		};
		72DF02811AFB415000BBE4A5 /* Debug */ = {
			isa = XCBuildConfiguration;
			buildSettings = {
				BUNDLE_LOADER = "$(TEST_HOST)";
				FRAMEWORK_SEARCH_PATHS = (
					"$(SDKROOT)/Developer/Library/Frameworks",
					"$(inherited)",
				);
				GCC_PREPROCESSOR_DEFINITIONS = (
					"DEBUG=1",
					"$(inherited)",
				);
				INFOPLIST_FILE = exerciseUICatalogTests/Info.plist;
				LD_RUNPATH_SEARCH_PATHS = "$(inherited) @executable_path/Frameworks @loader_path/Frameworks";
				PRODUCT_NAME = "$(TARGET_NAME)";
				TEST_HOST = "$(BUILT_PRODUCTS_DIR)/exerciseUICatalog.app/exerciseUICatalog";
			};
			name = Debug;
		};
		72DF02821AFB415000BBE4A5 /* Release */ = {
			isa = XCBuildConfiguration;
			buildSettings = {
				BUNDLE_LOADER = "$(TEST_HOST)";
				FRAMEWORK_SEARCH_PATHS = (
					"$(SDKROOT)/Developer/Library/Frameworks",
					"$(inherited)",
				);
				INFOPLIST_FILE = exerciseUICatalogTests/Info.plist;
				LD_RUNPATH_SEARCH_PATHS = "$(inherited) @executable_path/Frameworks @loader_path/Frameworks";
				PRODUCT_NAME = "$(TARGET_NAME)";
				TEST_HOST = "$(BUILT_PRODUCTS_DIR)/exerciseUICatalog.app/exerciseUICatalog";
			};
			name = Release;
		};
/* End XCBuildConfiguration section */

/* Begin XCConfigurationList section */
		72DF02551AFB415000BBE4A5 /* Build configuration list for PBXProject "exerciseUICatalog" */ = {
			isa = XCConfigurationList;
			buildConfigurations = (
				72DF027B1AFB415000BBE4A5 /* Debug */,
				72DF027C1AFB415000BBE4A5 /* Release */,
			);
			defaultConfigurationIsVisible = 0;
			defaultConfigurationName = Release;
		};
		72DF027D1AFB415000BBE4A5 /* Build configuration list for PBXNativeTarget "exerciseUICatalog" */ = {
			isa = XCConfigurationList;
			buildConfigurations = (
				72DF027E1AFB415000BBE4A5 /* Debug */,
				72DF027F1AFB415000BBE4A5 /* Release */,
			);
			defaultConfigurationIsVisible = 0;
			defaultConfigurationName = Release;
		};
		72DF02801AFB415000BBE4A5 /* Build configuration list for PBXNativeTarget "exerciseUICatalogTests" */ = {
			isa = XCConfigurationList;
			buildConfigurations = (
				72DF02811AFB415000BBE4A5 /* Debug */,
				72DF02821AFB415000BBE4A5 /* Release */,
			);
			defaultConfigurationIsVisible = 0;
			defaultConfigurationName = Release;
		};
/* End XCConfigurationList section */
	};
	rootObject = 72DF02521AFB415000BBE4A5 /* Project object */;
}
